
Microsoft Visual Studio Solution File, Format Version 12.00
# Visual Studio Version 17
VisualStudioVersion = 17.0.31903.59
MinimumVisualStudioVersion = 10.0.40219.1
Project("{2150E333-8FDC-42A3-9474-1A3956D46DE8}") = "ConsoleApps", "ConsoleApps", "{EBDE559D-97AF-43DA-896A-8EDD7514F74F}"
EndProject
Project("{2150E333-8FDC-42A3-9474-1A3956D46DE8}") = "Week05", "Week05", "{77AE5B68-0626-41F4-A877-078EF28AF651}"
EndProject
Project("{9A19103F-16F7-4668-BE54-9A1E7A4F7556}") = "DataTypes.ValueTypes", "ConsoleApps\Week05\DataTypes.ValueTypes\DataTypes.ValueTypes.csproj", "{DFA8DC49-A159-4B35-81FD-B666313BE400}"
EndProject
Project("{2150E333-8FDC-42A3-9474-1A3956D46DE8}") = "Solution Items", "Solution Items", "{56BFCEA8-EB15-4647-BB4F-7660AEF2766A}"
	ProjectSection(SolutionItems) = preProject
		README.md = README.md
		syllabus.md = syllabus.md
		month01.md = month01.md
	EndProjectSection
EndProject
Project("{2150E333-8FDC-42A3-9474-1A3956D46DE8}") = "Week06", "Week06", "{27D0691B-E7B0-4F0E-B402-F014D036370C}"
EndProject
Project("{9A19103F-16F7-4668-BE54-9A1E7A4F7556}") = "DataTypes.TypeCasting", "ConsoleApps\Week06\DataTypes.TypeCasting\DataTypes.TypeCasting.csproj", "{09F498FA-373D-4652-82A6-F0C4B8841ACA}"
EndProject
Project("{FAE04EC0-301F-11D3-BF4B-00C04F79EFBC}") = "UserInput", "ConsoleApps\Week06\UserInput\UserInput.csproj", "{A9D54D33-BDAA-46BD-B7BF-4B9B29556479}"
EndProject
Global
	GlobalSection(SolutionConfigurationPlatforms) = preSolution
		Debug|Any CPU = Debug|Any CPU
		Release|Any CPU = Release|Any CPU
	EndGlobalSection
	GlobalSection(ProjectConfigurationPlatforms) = postSolution
		{DFA8DC49-A159-4B35-81FD-B666313BE400}.Debug|Any CPU.ActiveCfg = Debug|Any CPU
		{DFA8DC49-A159-4B35-81FD-B666313BE400}.Debug|Any CPU.Build.0 = Debug|Any CPU
		{DFA8DC49-A159-4B35-81FD-B666313BE400}.Release|Any CPU.ActiveCfg = Release|Any CPU
		{DFA8DC49-A159-4B35-81FD-B666313BE400}.Release|Any CPU.Build.0 = Release|Any CPU
		{09F498FA-373D-4652-82A6-F0C4B8841ACA}.Debug|Any CPU.ActiveCfg = Debug|Any CPU
		{09F498FA-373D-4652-82A6-F0C4B8841ACA}.Debug|Any CPU.Build.0 = Debug|Any CPU
		{09F498FA-373D-4652-82A6-F0C4B8841ACA}.Release|Any CPU.ActiveCfg = Release|Any CPU
		{09F498FA-373D-4652-82A6-F0C4B8841ACA}.Release|Any CPU.Build.0 = Release|Any CPU
		{A9D54D33-BDAA-46BD-B7BF-4B9B29556479}.Debug|Any CPU.ActiveCfg = Debug|Any CPU
		{A9D54D33-BDAA-46BD-B7BF-4B9B29556479}.Debug|Any CPU.Build.0 = Debug|Any CPU
		{A9D54D33-BDAA-46BD-B7BF-4B9B29556479}.Release|Any CPU.ActiveCfg = Release|Any CPU
		{A9D54D33-BDAA-46BD-B7BF-4B9B29556479}.Release|Any CPU.Build.0 = Release|Any CPU
	EndGlobalSection
	GlobalSection(SolutionProperties) = preSolution
		HideSolutionNode = FALSE
	EndGlobalSection
	GlobalSection(NestedProjects) = preSolution
		{77AE5B68-0626-41F4-A877-078EF28AF651} = {EBDE559D-97AF-43DA-896A-8EDD7514F74F}
		{DFA8DC49-A159-4B35-81FD-B666313BE400} = {77AE5B68-0626-41F4-A877-078EF28AF651}
		{27D0691B-E7B0-4F0E-B402-F014D036370C} = {EBDE559D-97AF-43DA-896A-8EDD7514F74F}
		{09F498FA-373D-4652-82A6-F0C4B8841ACA} = {27D0691B-E7B0-4F0E-B402-F014D036370C}
		{A9D54D33-BDAA-46BD-B7BF-4B9B29556479} = {27D0691B-E7B0-4F0E-B402-F014D036370C}
	EndGlobalSection
	GlobalSection(ExtensibilityGlobals) = postSolution
		SolutionGuid = {FEA2487A-AB74-4D13-B4F3-133B1E0660E1}
	EndGlobalSection
EndGlobal
