
Microsoft Visual Studio Solution File, Format Version 12.00
# Visual Studio Version 17
VisualStudioVersion = 17.0.31903.59
MinimumVisualStudioVersion = 10.0.40219.1
Project("{2150E333-8FDC-42A3-9474-1A3956D46DE8}") = "ConsoleApps", "ConsoleApps", "{EBDE559D-97AF-43DA-896A-8EDD7514F74F}"
EndProject
Project("{2150E333-8FDC-42A3-9474-1A3956D46DE8}") = "Week05", "Week05", "{77AE5B68-0626-41F4-A877-078EF28AF651}"
EndProject
Project("{9A19103F-16F7-4668-BE54-9A1E7A4F7556}") = "DataTypes.ValueTypes", "ConsoleApps\Week05\DataTypes.ValueTypes\DataTypes.ValueTypes.csproj", "{DFA8DC49-A159-4B35-81FD-B666313BE400}"
EndProject
Project("{2150E333-8FDC-42A3-9474-1A3956D46DE8}") = "Solution Items", "Solution Items", "{56BFCEA8-EB15-4647-BB4F-7660AEF2766A}"
	ProjectSection(SolutionItems) = preProject
		month01.md = month01.md
		month02.md = month02.md
		month03.md = month03.md
		README.md = README.md
		syllabus-as-universty.md = syllabus-as-universty.md
		syllabus.csharp.txt = syllabus.csharp.txt
		syllabus.md = syllabus.md
	EndProjectSection
EndProject
Project("{2150E333-8FDC-42A3-9474-1A3956D46DE8}") = "Week06", "Week06", "{27D0691B-E7B0-4F0E-B402-F014D036370C}"
EndProject
Project("{9A19103F-16F7-4668-BE54-9A1E7A4F7556}") = "DataTypes.TypeCasting", "ConsoleApps\Week06\DataTypes.TypeCasting\DataTypes.TypeCasting.csproj", "{09F498FA-373D-4652-82A6-F0C4B8841ACA}"
EndProject
Project("{9A19103F-16F7-4668-BE54-9A1E7A4F7556}") = "UserInput", "ConsoleApps\Week06\UserInput\UserInput.csproj", "{A9D54D33-BDAA-46BD-B7BF-4B9B29556479}"
EndProject
Project("{2150E333-8FDC-42A3-9474-1A3956D46DE8}") = "Week07", "Week07", "{72337F05-21D0-4C0C-A273-A7E1127384F5}"
EndProject
Project("{9A19103F-16F7-4668-BE54-9A1E7A4F7556}") = "TypeConversion", "ConsoleApps\Week07\TypeConversion\TypeConversion.csproj", "{046A1B6F-76C4-4B21-9231-235E7C882EFA}"
EndProject
Project("{9A19103F-16F7-4668-BE54-9A1E7A4F7556}") = "Operators.Math", "ConsoleApps\Week07\Operators.Math\Operators.Math.csproj", "{B506E1A7-7537-4BD7-A6F3-1D389BF1B15F}"
EndProject
Project("{9A19103F-16F7-4668-BE54-9A1E7A4F7556}") = "Practice", "ConsoleApps\Week07\Practice\Practice.csproj", "{12D5F3D1-AA2D-4696-925C-38DF4E850793}"
EndProject
Project("{2150E333-8FDC-42A3-9474-1A3956D46DE8}") = "Week08", "Week08", "{6A6AF034-4AB8-4D1F-AC9B-9D3650A15F9F}"
EndProject
Project("{9A19103F-16F7-4668-BE54-9A1E7A4F7556}") = "Strings", "ConsoleApps\Week08\Strings\Strings.csproj", "{7EB88E1E-0BA8-4181-A427-C118E554A4CB}"
EndProject
Project("{9A19103F-16F7-4668-BE54-9A1E7A4F7556}") = "Condition.IfStatement", "ConsoleApps\Week08\Condition.IfStatement\Condition.IfStatement.csproj", "{83EE4626-F6F7-41E9-80DA-7ACF07E1683C}"
EndProject
Project("{9A19103F-16F7-4668-BE54-9A1E7A4F7556}") = "Condition.SwitchCaseStatement", "ConsoleApps\Week08\Condition.SwitchCaseStatement\Condition.SwitchCaseStatement.csproj", "{91A8E06C-C1CB-41A3-89AC-786235A82F48}"
EndProject
Project("{9A19103F-16F7-4668-BE54-9A1E7A4F7556}") = "Practice", "ConsoleApps\Week08\Practice\Practice.csproj", "{86A384B7-C10B-470B-9A32-6181219B4F8D}"
EndProject
Project("{2150E333-8FDC-42A3-9474-1A3956D46DE8}") = "Week10", "Week10", "{33913343-70DE-4A61-8C90-E570D4FE7364}"
EndProject
Project("{9A19103F-16F7-4668-BE54-9A1E7A4F7556}") = "Loop.For", "ConsoleApps\Week10\Loop.For\Loop.For.csproj", "{4E45EA50-D796-4397-9A17-C0BB6E6DC544}"
EndProject
Project("{9A19103F-16F7-4668-BE54-9A1E7A4F7556}") = "Loop.While", "ConsoleApps\Week10\Loop.While\Loop.While.csproj", "{63F01BEC-CD1A-41E8-AF4C-D1FE7519893C}"
EndProject
Project("{9A19103F-16F7-4668-BE54-9A1E7A4F7556}") = "Practice", "ConsoleApps\Week10\Practice\Practice.csproj", "{A5531651-6EC9-42EF-8090-1F85DFED9D5F}"
EndProject
Project("{2150E333-8FDC-42A3-9474-1A3956D46DE8}") = "Week11", "Week11", "{E60C53C1-A776-4266-BCEF-DF2355E6DF27}"
EndProject
Project("{9A19103F-16F7-4668-BE54-9A1E7A4F7556}") = "ATM", "ConsoleApps\Week11\ATM\ATM.csproj", "{2CC4BD1C-B7C5-43DB-B612-D59684E0E049}"
EndProject
Project("{9A19103F-16F7-4668-BE54-9A1E7A4F7556}") = "QuizGame", "ConsoleApps\Week11\QuizGame\QuizGame.csproj", "{35371C6E-3BDC-4F99-B15F-D55D3A91ABAB}"
EndProject
Project("{2150E333-8FDC-42A3-9474-1A3956D46DE8}") = "Week12", "Week12", "{5800B237-9647-492A-8C12-E29FDA60231A}"
EndProject
Project("{9A19103F-16F7-4668-BE54-9A1E7A4F7556}") = "Arrays", "ConsoleApps\Week12\Arrays\Arrays.csproj", "{CC29B2BD-9382-4155-803F-C2799B5BC0FE}"
EndProject
Project("{9A19103F-16F7-4668-BE54-9A1E7A4F7556}") = "Methods", "ConsoleApps\Week12\Methods\Methods.csproj", "{F1FF9FB4-FC9C-48F3-ACC1-F03D751349DD}"
EndProject
Project("{9A19103F-16F7-4668-BE54-9A1E7A4F7556}") = "Practice", "ConsoleApps\Week12\Practice\Practice.csproj", "{A0D34A6C-4D2D-4546-9B85-F9A594317EDC}"
EndProject
Project("{2150E333-8FDC-42A3-9474-1A3956D46DE8}") = "Week13", "Week13", "{5C553F66-56BA-4094-B848-0F690FB8083D}"
EndProject
Project("{9A19103F-16F7-4668-BE54-9A1E7A4F7556}") = "Practice", "ConsoleApps\Week13\Practice\Practice.csproj", "{8519179A-7CA5-40E0-9BDC-61BCC692E3DD}"
EndProject
Project("{9A19103F-16F7-4668-BE54-9A1E7A4F7556}") = "WhatIsOOP", "ConsoleApps\Week13\WhatIsOOP\WhatIsOOP.csproj", "{2FBE4DCF-BB14-46AD-A2F0-C26F5BDD9686}"
EndProject
Project("{2150E333-8FDC-42A3-9474-1A3956D46DE8}") = "Week14", "Week14", "{5CBDE24A-6A28-43D2-9BD0-04CD5CC5425A}"
EndProject
Project("{9A19103F-16F7-4668-BE54-9A1E7A4F7556}") = "OOP.ClassAndObject", "ConsoleApps\Week14\OOP.ClassAndObject\OOP.ClassAndObject.csproj", "{CF3272D5-5E42-4ABB-AA1D-35E91970E5C4}"
EndProject
Project("{2150E333-8FDC-42A3-9474-1A3956D46DE8}") = "Week15", "Week15", "{8F0EF50A-3ECA-4B1D-84D5-A51DD42AD1AC}"
EndProject
Project("{9A19103F-16F7-4668-BE54-9A1E7A4F7556}") = "Practice", "ConsoleApps\Week15\Practice\Practice.csproj", "{0919AE8D-43D7-4AEF-B372-066B18C095E7}"
EndProject
Project("{9A19103F-16F7-4668-BE54-9A1E7A4F7556}") = "OOP.Class.Constructor", "ConsoleApps\Week15\OOP.Class.Constructor\OOP.Class.Constructor.csproj", "{95BD6C4B-AC0C-49C1-BF54-85F674A3D984}"
EndProject
Project("{9A19103F-16F7-4668-BE54-9A1E7A4F7556}") = "VariableScope", "ConsoleApps\Week15\VariableScope\VariableScope.csproj", "{6679504F-6358-4E71-96B6-E381527498BF}"
EndProject
Project("{2150E333-8FDC-42A3-9474-1A3956D46DE8}") = "Week16", "Week16", "{8D515F87-9019-4B22-8F3B-C6BF094F1209}"
EndProject
Project("{9A19103F-16F7-4668-BE54-9A1E7A4F7556}") = "ObjectAndBoxingUnboxing", "ConsoleApps\Week16\ObjectAndBoxingUnboxing\ObjectAndBoxingUnboxing.csproj", "{8E0F46FD-C731-40ED-9BCD-D5EF1FCF32F0}"
EndProject
Project("{9A19103F-16F7-4668-BE54-9A1E7A4F7556}") = "Practice", "ConsoleApps\Week16\Practice\Practice.csproj", "{9EA72DA4-E83F-4801-AFDA-C549E8F134A5}"
EndProject
Project("{9A19103F-16F7-4668-BE54-9A1E7A4F7556}") = "OOP.AccessModifiersAndEncapsulation", "ConsoleApps\Week16\OOP.AccessModifiersAndEncapsulation\OOP.AccessModifiersAndEncapsulation.csproj", "{05B26062-CA1F-4F8A-A91C-037ECEE822B9}"
EndProject
Project("{9A19103F-16F7-4668-BE54-9A1E7A4F7556}") = "OOP.Destructors", "ConsoleApps\Week16\OOP.Destructors\OOP.Destructors.csproj", "{A0482096-2871-4AEE-98B1-D5217C3F3928}"
EndProject
Project("{2150E333-8FDC-42A3-9474-1A3956D46DE8}") = "Week18", "Week18", "{A64491EA-C65D-4EBA-A62E-4EBE5B1808C4}"
EndProject
Project("{9A19103F-16F7-4668-BE54-9A1E7A4F7556}") = "OOp.Inheritance", "ConsoleApps\Week18\OOp.Inheritance\OOp.Inheritance.csproj", "{3BF76B83-FEC6-44D2-A16D-488C4D1B7A1D}"
EndProject
Project("{9A19103F-16F7-4668-BE54-9A1E7A4F7556}") = "OOP.Inheritance.AccessModifiers", "ConsoleApps\Week18\OOP.Inheritance.AccessModifiers\OOP.Inheritance.AccessModifiers.csproj", "{D19902B7-78C0-4212-B68D-109AE8ECFF68}"
EndProject
Project("{9A19103F-16F7-4668-BE54-9A1E7A4F7556}") = "OOP.Inheritance.MethodOverriding", "ConsoleApps\Week18\OOP.Inheritance.MethodOverriding\OOP.Inheritance.MethodOverriding.csproj", "{3F231EB5-3246-419B-A005-2E0363549E82}"
EndProject
Project("{9A19103F-16F7-4668-BE54-9A1E7A4F7556}") = "Practice", "ConsoleApps\Week18\Practice\Practice.csproj", "{EA1AE652-F7B9-4AB6-8D8A-525EA8C2DE3E}"
EndProject
Project("{2150E333-8FDC-42A3-9474-1A3956D46DE8}") = "Week19", "Week19", "{16579458-9F49-4BFB-9EE1-672FBD1EDD3A}"
EndProject
Project("{9A19103F-16F7-4668-BE54-9A1E7A4F7556}") = "LibraryManagementSystem", "ConsoleApps\Week19\LibraryManagementSystem\LibraryManagementSystem.csproj", "{1ECF730A-3FE6-4F82-9A53-6D1D84B59D5D}"
EndProject
Project("{2150E333-8FDC-42A3-9474-1A3956D46DE8}") = "Week21", "Week21", "{AB975C14-B1E7-4937-8702-236F21FEF1F3}"
EndProject
Project("{9A19103F-16F7-4668-BE54-9A1E7A4F7556}") = "OOP.Polymorphism", "ConsoleApps\Week21\OOP.Polymorphism\OOP.Polymorphism.csproj", "{BB4D8012-3F07-4A43-89AB-6B3DF4F31193}"
EndProject
Project("{2150E333-8FDC-42A3-9474-1A3956D46DE8}") = "Week22", "Week22", "{E7E2C505-A42A-40D1-BAC6-76153F880496}"
EndProject
Project("{9A19103F-16F7-4668-BE54-9A1E7A4F7556}") = "OOP.Abstraction.AbstractClass", "ConsoleApps\Week22\OOP.Abstraction.AbstractClass\OOP.Abstraction.AbstractClass.csproj", "{CCE88124-BAA9-43FD-B12D-9DA1D637AFCF}"
EndProject
Project("{9A19103F-16F7-4668-BE54-9A1E7A4F7556}") = "Practice", "ConsoleApps\Week21\Practice\Practice.csproj", "{6D3A227D-2765-4994-9A81-F8B2888DE8B7}"
EndProject
Project("{9A19103F-16F7-4668-BE54-9A1E7A4F7556}") = "LMS.WithConsoleSpecter", "ConsoleApps\Week19\LMS.WithConsoleSpecter\LMS.WithConsoleSpecter.csproj", "{F6BA177B-ECA2-48B9-B062-29E72AA37CCC}"
EndProject
Project("{2150E333-8FDC-42A3-9474-1A3956D46DE8}") = "Week23", "Week23", "{5860533B-0C68-4944-97F6-A5AB09625D8D}"
EndProject
Project("{9A19103F-16F7-4668-BE54-9A1E7A4F7556}") = "OOP.Abstraction.Interface", "ConsoleApps\Week23\OOP.Abstraction.Interface\OOP.Abstraction.Interface.csproj", "{AF9C27A7-BBCE-471A-945A-F3D15F088603}"
EndProject
Project("{9A19103F-16F7-4668-BE54-9A1E7A4F7556}") = "Practice", "ConsoleApps\Week22\Practice\Practice.csproj", "{38D4E3A3-3865-4836-9EA8-9BC19FFF2F06}"
EndProject
Project("{9A19103F-16F7-4668-BE54-9A1E7A4F7556}") = "OOP.PartialClass", "ConsoleApps\Week23\OOP.PartialClass\OOP.PartialClass.csproj", "{ED22AC6C-3C6D-4477-B83B-17027C6F6DBE}"
EndProject
Project("{9A19103F-16F7-4668-BE54-9A1E7A4F7556}") = "OOP.SealedClass", "ConsoleApps\Week23\OOP.SealedClass\OOP.SealedClass.csproj", "{9AA4876E-5FBE-421B-B5E6-B00ABE9D014E}"
EndProject
Project("{9A19103F-16F7-4668-BE54-9A1E7A4F7556}") = "Practice", "ConsoleApps\Week23\Practice\Practice.csproj", "{AE075CA7-1BA7-41BD-82A5-2531EFD76B5F}"
EndProject
Project("{9A19103F-16F7-4668-BE54-9A1E7A4F7556}") = "ArrayRealExamples", "ConsoleApps\Week12\ArrayRealExamples\ArrayRealExamples.csproj", "{0D9462C3-9141-4DDF-AFC3-7E2270036166}"
EndProject
Project("{2150E333-8FDC-42A3-9474-1A3956D46DE8}") = "Week25", "Week25", "{3C7A5CB5-A4F7-4939-802C-3AA453FB4C51}"
EndProject
Project("{9A19103F-16F7-4668-BE54-9A1E7A4F7556}") = "ExtensionMethods", "ConsoleApps\Week25\ExtensionMethods\ExtensionMethods.csproj", "{C0E2CC98-3DD3-4D31-A295-645264F4C68F}"
EndProject
Project("{9A19103F-16F7-4668-BE54-9A1E7A4F7556}") = "StaticClasses", "ConsoleApps\Week25\StaticClasses\StaticClasses.csproj", "{430EDBDC-2015-4986-8E92-F00D942DAA38}"
EndProject
Project("{9A19103F-16F7-4668-BE54-9A1E7A4F7556}") = "Practice", "ConsoleApps\Week25\Practice\Practice.csproj", "{FFB80A02-8BB9-4071-AA0E-506280A21035}"
EndProject
Project("{9A19103F-16F7-4668-BE54-9A1E7A4F7556}") = "IntelligentUserProfileApp", "ConsoleApps\Week25\IntelligentUserProfileApp\IntelligentUserProfileApp.csproj", "{ABCC7C51-B0EB-4698-BCF2-8970D90BD449}"
EndProject
Project("{2150E333-8FDC-42A3-9474-1A3956D46DE8}") = "Week26", "Week26", "{18294A54-6C54-41FC-AAF0-F6CC2B424F21}"
EndProject
Project("{9A19103F-16F7-4668-BE54-9A1E7A4F7556}") = "ExceptionHandling", "ConsoleApps\Week26\ExceptionHandling\ExceptionHandling.csproj", "{1BDE43BD-725A-4C61-A150-E3B4468E4CBC}"
EndProject
Project("{9A19103F-16F7-4668-BE54-9A1E7A4F7556}") = "Practice", "ConsoleApps\Week26\Practice\Practice.csproj", "{FD4DA127-0C6E-4D5D-9F2A-61E0C2AC1C51}"
EndProject
Project("{9A19103F-16F7-4668-BE54-9A1E7A4F7556}") = "GlobalExceptionDemo", "ConsoleApps\Week26\GlobalExceptionDemo\GlobalExceptionDemo.csproj", "{8B6E8DA5-417D-421F-9661-8A68C5AA95A9}"
EndProject
Project("{2150E333-8FDC-42A3-9474-1A3956D46DE8}") = "Week27", "Week27", "{925DD319-AA00-4858-B716-815F7753DD20}"
EndProject
Project("{9A19103F-16F7-4668-BE54-9A1E7A4F7556}") = "FileHandling", "ConsoleApps\Week27\FileHandling\FileHandling.csproj", "{AB572158-CBEB-4146-845B-DF40D5F54FA5}"
EndProject
Project("{2150E333-8FDC-42A3-9474-1A3956D46DE8}") = "Week28", "Week28", "{E2C9B248-6FE6-4566-9417-588EAC1DE77C}"
EndProject
Project("{9A19103F-16F7-4668-BE54-9A1E7A4F7556}") = "NoteApp", "ConsoleApps\Week28\NoteApp\NoteApp.csproj", "{331F9D6C-CE92-4FC4-A06D-654FCFDAF8F2}"
EndProject
Project("{9A19103F-16F7-4668-BE54-9A1E7A4F7556}") = "FileHandling.FileInfoClass", "ConsoleApps\Week28\FileHandling.FileInfoClass\FileHandling.FileInfoClass.csproj", "{77FB6962-5BCE-430C-BA30-EC4B6517AFA4}"
EndProject
Project("{9A19103F-16F7-4668-BE54-9A1E7A4F7556}") = "FileHandling.DirectoryInfoClass", "ConsoleApps\Week28\FileHandling.DirectoryInfoClass\FileHandling.DirectoryInfoClass.csproj", "{0C6B46B9-A0B6-4174-9156-48DF7C00A0A8}"
EndProject
Project("{9A19103F-16F7-4668-BE54-9A1E7A4F7556}") = "FileHandling.FileClass", "ConsoleApps\Week28\FileHandling.FileClass\FileHandling.FileClass.csproj", "{74AC892E-EAAE-4E0D-8EC0-90B6F539BD7C}"
EndProject
Project("{2150E333-8FDC-42A3-9474-1A3956D46DE8}") = "DesktopApps", "DesktopApps", "{A10784C2-3986-476C-9534-BAC96A097673}"
	ProjectSection(SolutionItems) = preProject
		DesktopApps\desktop-app-1.md = DesktopApps\desktop-app-1.md
	EndProjectSection
EndProject
Project("{9A19103F-16F7-4668-BE54-9A1E7A4F7556}") = "UnmanagedCodes.DisposePattern", "ConsoleApps\Week28\UnmanagedCodes.DisposePattern\UnmanagedCodes.DisposePattern.csproj", "{E7E50ADD-13E6-4FBB-A383-A816B01D4B5B}"
EndProject
Project("{9A19103F-16F7-4668-BE54-9A1E7A4F7556}") = "Practice", "ConsoleApps\Week28\Practice\Practice.csproj", "{FE5CD6BA-9DDE-491A-A7C5-A13CA02D27C1}"
EndProject
Project("{2150E333-8FDC-42A3-9474-1A3956D46DE8}") = "Week30", "Week30", "{CD291E57-79A2-4FFF-A699-4F749A44A788}"
EndProject
Project("{9A19103F-16F7-4668-BE54-9A1E7A4F7556}") = "IntroductionToCollections", "ConsoleApps\Week30\IntroductionToCollections\IntroductionToCollections.csproj", "{5B41F9D4-186B-4A30-8618-6E6B627DDA88}"
EndProject
Project("{2150E333-8FDC-42A3-9474-1A3956D46DE8}") = "Week31", "Week31", "{62BAC3E8-EB82-4EFD-A6DD-B0E8A534BE8A}"
EndProject
Project("{9A19103F-16F7-4668-BE54-9A1E7A4F7556}") = "Collections.NonGenericArrayListCollectionClass", "ConsoleApps\Week31\Collections.NonGenericArrayListCollectionClass\Collections.NonGenericArrayListCollectionClass.csproj", "{0189F6CD-3140-4305-89CE-08ACB534B0EE}"
EndProject
Project("{9A19103F-16F7-4668-BE54-9A1E7A4F7556}") = "LMSWithArrayList", "ConsoleApps\Week31\LMSWithArrayList\LMSWithArrayList.csproj", "{E9F62862-5044-4385-A95F-BFE4A6F29B95}"
EndProject
Project("{2150E333-8FDC-42A3-9474-1A3956D46DE8}") = "Week33", "Week33", "{6A62E14F-D6B0-4517-AB66-3DBB28CF8FD7}"
EndProject
Project("{9A19103F-16F7-4668-BE54-9A1E7A4F7556}") = "Collections.NoneGenericHashTableClass", "ConsoleApps\Week33\Collections.NoneGenericHashTableClass\Collections.NoneGenericHashTableClass.csproj", "{BD27E331-6016-4377-966E-84694E245CC3}"
EndProject
Project("{9A19103F-16F7-4668-BE54-9A1E7A4F7556}") = "Collections.NoneGenericStackClass", "ConsoleApps\Week33\Collections.NoneGenericStackClass\Collections.NoneGenericStackClass.csproj", "{A02C0214-E54E-4259-93FF-B40E00733AD5}"
EndProject
Project("{9A19103F-16F7-4668-BE54-9A1E7A4F7556}") = "CompareArrayVsArrayList", "ConsoleApps\Week31\CompareArrayVsArrayList\CompareArrayVsArrayList.csproj", "{D47E47D4-0358-42A6-9D23-2D37A261F27D}"
EndProject
Project("{9A19103F-16F7-4668-BE54-9A1E7A4F7556}") = "Practice", "ConsoleApps\Week31\Practice\Practice.csproj", "{F8DA0E84-0930-4532-A752-5D6BA87C3B12}"
EndProject
Project("{9A19103F-16F7-4668-BE54-9A1E7A4F7556}") = "Practice", "ConsoleApps\Week33\Practice\Practice.csproj", "{93B6F946-4ED4-4FBB-B520-24B5E6C95D80}"
EndProject
Project("{9A19103F-16F7-4668-BE54-9A1E7A4F7556}") = "ProductInventorySystem", "ConsoleApps\Week33\ProductInventorySystem\ProductInventorySystem.csproj", "{7EF7B708-71FD-4F79-8968-B000475219D3}"
EndProject
Project("{9A19103F-16F7-4668-BE54-9A1E7A4F7556}") = "UndoTextEditor", "ConsoleApps\Week33\UndoTextEditor\UndoTextEditor.csproj", "{E749915A-0D3D-48CB-9C41-1FC032DB9C02}"
EndProject
Project("{2150E333-8FDC-42A3-9474-1A3956D46DE8}") = "Week34", "Week34", "{6174C9AB-9116-4ED6-ABD0-2C69976058D2}"
EndProject
Project("{9A19103F-16F7-4668-BE54-9A1E7A4F7556}") = "Collections.NoneGenericQueueClass", "ConsoleApps\Week34\Collections.NoneGenericQueueClass\Collections.NoneGenericQueueClass.csproj", "{A8DB993B-57CC-4E5B-8A9F-873C90A4AD11}"
EndProject
Project("{9A19103F-16F7-4668-BE54-9A1E7A4F7556}") = "Practice", "ConsoleApps\Week34\Practice\Practice.csproj", "{D9910F02-A2A5-4C35-A418-221B89E8D94D}"
EndProject
Project("{2150E333-8FDC-42A3-9474-1A3956D46DE8}") = "Database", "Database", "{05E78A8D-4A2C-462E-80B7-804F46DF9105}"
EndProject
Project("{00D1A9C2-B5F0-4AF3-8072-F6C62B433612}") = "Database1", "Database\Week35\Database1\Database1.sqlproj", "{FA01CCF3-5668-4973-A27B-B143ED397A44}"
EndProject
Project("{2150E333-8FDC-42A3-9474-1A3956D46DE8}") = "Week35", "Week35", "{88D453D9-D2CE-4FB7-8E43-74AB48C417D8}"
EndProject
Project("{9A19103F-16F7-4668-BE54-9A1E7A4F7556}") = "Collections.NoneGenericSortedListClass", "ConsoleApps\Week35\Collections.NoneGenericSortedListClass\Collections.NoneGenericSortedListClass.csproj", "{55C0CE36-7F78-4673-BA5B-1B270D92190C}"
EndProject
Project("{9A19103F-16F7-4668-BE54-9A1E7A4F7556}") = "Practice", "ConsoleApps\Week35\Practice\Practice.csproj", "{7804D1B9-0DC7-4167-9C47-77EB114D8FF2}"
EndProject
Project("{9A19103F-16F7-4668-BE54-9A1E7A4F7556}") = "BinarySearchExamples", "ConsoleApps\Week35\BinarySearchExamples\BinarySearchExamples.csproj", "{2ED0A1F4-00BC-4679-A2C7-46A534D308A2}"
EndProject
Project("{9A19103F-16F7-4668-BE54-9A1E7A4F7556}") = "PhoneBookManagementSystem", "ConsoleApps\Week35\PhoneBookManagementSystem\PhoneBookManagementSystem.csproj", "{A1DAE17A-A52E-4FAA-B6B4-2BE41D14D2E4}"
EndProject
Project("{2150E333-8FDC-42A3-9474-1A3956D46DE8}") = "Week37", "Week37", "{4AFC47E1-1110-4E34-B659-990DA1879744}"
EndProject
Project("{9A19103F-16F7-4668-BE54-9A1E7A4F7556}") = "CSharpToSqlDataTypes", "ConsoleApps\Week37\CSharpToSqlDataTypes\CSharpToSqlDataTypes.csproj", "{B07E8CAD-46EB-43EB-87DD-309095989B48}"
EndProject
Project("{9A19103F-16F7-4668-BE54-9A1E7A4F7556}") = "Practice", "ConsoleApps\Week37\Practice\Practice.csproj", "{FF1C9F75-9ECE-404A-8B1F-C132324E1EA6}"
EndProject
Project("{2150E333-8FDC-42A3-9474-1A3956D46DE8}") = "Week37", "Week37", "{02EA681E-C7D8-13C7-8484-4AC65E1B71E8}"
	ProjectSection(SolutionItems) = preProject
		Database\Week37\quick-start-guide.md = Database\Week37\quick-start-guide.md
		Database\Week37\README.md = Database\Week37\README.md
		Database\Week37\sql-fundamentals-demo.sql = Database\Week37\sql-fundamentals-demo.sql
		Database\Week37\sql-practice-exercises.sql = Database\Week37\sql-practice-exercises.sql
	EndProjectSection
EndProject
Project("{2150E333-8FDC-42A3-9474-1A3956D46DE8}") = "Week38", "Week38", "{03EA681E-C7D8-13C7-8484-4AC65E1B71E9}"
	ProjectSection(SolutionItems) = preProject
		Database\Week38\shopping-database-design.sql = Database\Week38\shopping-database-design.sql
	EndProjectSection
EndProject
Project("{2150E333-8FDC-42A3-9474-1A3956D46DE8}") = "Week39", "Week39", "{04EA681E-C7D8-13C7-8484-4AC65E1B71EA}"
	ProjectSection(SolutionItems) = preProject
		Database\Week39\sql-insert-update-practice.sql = Database\Week39\sql-insert-update-practice.sql
	EndProjectSection
EndProject
Project("{2150E333-8FDC-42A3-9474-1A3956D46DE8}") = "Week40", "Week40", "{DF70F78F-58AB-4523-B2F1-C95A7CDD2957}"
	ProjectSection(SolutionItems) = preProject
		Database\Week40\01-delete-statement-practice.sql = Database\Week40\01-delete-statement-practice.sql
		Database\Week40\02-top-limit-fetch-first-rownum-practice.sql = Database\Week40\02-top-limit-fetch-first-rownum-practice.sql
		Database\Week40\03-aggregate-functions-practice.sql = Database\Week40\03-aggregate-functions-practice.sql
		Database\Week40\04-like-operator-wildcards-practice.sql = Database\Week40\04-like-operator-wildcards-practice.sql
		Database\Week40\05-comprehensive-practice-exercises.sql = Database\Week40\05-comprehensive-practice-exercises.sql
		Database\Week40\README.md = Database\Week40\README.md
	EndProjectSection
EndProject
Project("{2150E333-8FDC-42A3-9474-1A3956D46DE8}") = "Week41", "Week41", "{DF70F78F-58AB-4523-B2F1-C95A7CDD2958}"
	ProjectSection(SolutionItems) = preProject
		Database\Week41\sql-alter-table-subqueries-practice.sql = Database\Week41\sql-alter-table-subqueries-practice.sql
	EndProjectSection
EndProject
Project("{2150E333-8FDC-42A3-9474-1A3956D46DE8}") = "Week42", "Week42", "{DF70F78F-58AB-4523-B2F1-C95A7CDD2959}"
	ProjectSection(SolutionItems) = preProject
		Database\Week42\sql-cross-join-practice.sql = Database\Week42\sql-cross-join-practice.sql
		Database\Week42\sql-full-outer-join-practice.sql = Database\Week42\sql-full-outer-join-practice.sql
		Database\Week42\sql-inner-joins-practice.sql = Database\Week42\sql-inner-joins-practice.sql
		Database\Week42\sql-join-comparison-best-practices.sql = Database\Week42\sql-join-comparison-best-practices.sql
		Database\Week42\sql-left-join-practice.sql = Database\Week42\sql-left-join-practice.sql
		Database\Week42\sql-right-join-practice.sql = Database\Week42\sql-right-join-practice.sql
		Database\Week42\sql-self-join-practice.sql = Database\Week42\sql-self-join-practice.sql
	EndProjectSection
EndProject
Project("{2150E333-8FDC-42A3-9474-1A3956D46DE8}") = "Week44", "Week44", "{DF70F78F-58AB-4523-B2F1-C95A7CDD2960}"
	ProjectSection(SolutionItems) = preProject
		Database\Week44\sql-exists-any-all-case-null-practice.sql = Database\Week44\sql-exists-any-all-case-null-practice.sql
	EndProjectSection
EndProject
Project("{2150E333-8FDC-42A3-9474-1A3956D46DE8}") = "Week45", "Week45", "{DF70F78F-58AB-4523-B2F1-C95A7CDD2961}"
	ProjectSection(SolutionItems) = preProject
		Database\Week45\01-shopping-db-foreign-keys.sql = Database\Week45\01-shopping-db-foreign-keys.sql
		Database\Week45\02-shopping-db-stored-procedures.sql = Database\Week45\02-shopping-db-stored-procedures.sql
		Database\Week45\README.md = Database\Week45\README.md
	EndProjectSection
EndProject
Project("{2150E333-8FDC-42A3-9474-1A3956D46DE8}") = "ConsoleAppsWithAdoNet", "ConsoleAppsWithAdoNet", "{5151B6AA-8286-48B6-8138-AD436A6E04AB}"
EndProject
Project("{2150E333-8FDC-42A3-9474-1A3956D46DE8}") = "Week46", "Week46", "{A0F89646-917E-4B2E-9858-23677627BB3C}"
EndProject
Project("{9A19103F-16F7-4668-BE54-9A1E7A4F7556}") = "IntroductionToAdoNet", "ConsoleAppsWithAdoNet\Week46\IntroductionToAdoNet\IntroductionToAdoNet.csproj", "{0EA0B176-2406-46CF-9515-9F2764DB53DE}"
EndProject
Project("{FAE04EC0-301F-11D3-BF4B-00C04F79EFBC}") = "Practice", "ConsoleAppsWithAdoNet\Week46\Practice\Practice.csproj", "{6142AA4C-CCBA-423C-99C9-D7362DED3984}"
EndProject
Project("{FAE04EC0-301F-11D3-BF4B-00C04F79EFBC}") = "SampleCrudOperations", "ConsoleAppsWithAdoNet\Week46\SampleCrudOperations\SampleCrudOperations.csproj", "{8D597E0B-940F-4894-818F-6EB822F41D23}"
EndProject
Global
	GlobalSection(SolutionConfigurationPlatforms) = preSolution
		Debug|Any CPU = Debug|Any CPU
		Release|Any CPU = Release|Any CPU
	EndGlobalSection
	GlobalSection(ProjectConfigurationPlatforms) = postSolution
		{DFA8DC49-A159-4B35-81FD-B666313BE400}.Debug|Any CPU.ActiveCfg = Debug|Any CPU
		{DFA8DC49-A159-4B35-81FD-B666313BE400}.Debug|Any CPU.Build.0 = Debug|Any CPU
		{DFA8DC49-A159-4B35-81FD-B666313BE400}.Release|Any CPU.ActiveCfg = Release|Any CPU
		{DFA8DC49-A159-4B35-81FD-B666313BE400}.Release|Any CPU.Build.0 = Release|Any CPU
		{09F498FA-373D-4652-82A6-F0C4B8841ACA}.Debug|Any CPU.ActiveCfg = Debug|Any CPU
		{09F498FA-373D-4652-82A6-F0C4B8841ACA}.Debug|Any CPU.Build.0 = Debug|Any CPU
		{09F498FA-373D-4652-82A6-F0C4B8841ACA}.Release|Any CPU.ActiveCfg = Release|Any CPU
		{09F498FA-373D-4652-82A6-F0C4B8841ACA}.Release|Any CPU.Build.0 = Release|Any CPU
		{A9D54D33-BDAA-46BD-B7BF-4B9B29556479}.Debug|Any CPU.ActiveCfg = Debug|Any CPU
		{A9D54D33-BDAA-46BD-B7BF-4B9B29556479}.Debug|Any CPU.Build.0 = Debug|Any CPU
		{A9D54D33-BDAA-46BD-B7BF-4B9B29556479}.Release|Any CPU.ActiveCfg = Release|Any CPU
		{A9D54D33-BDAA-46BD-B7BF-4B9B29556479}.Release|Any CPU.Build.0 = Release|Any CPU
		{046A1B6F-76C4-4B21-9231-235E7C882EFA}.Debug|Any CPU.ActiveCfg = Debug|Any CPU
		{046A1B6F-76C4-4B21-9231-235E7C882EFA}.Debug|Any CPU.Build.0 = Debug|Any CPU
		{046A1B6F-76C4-4B21-9231-235E7C882EFA}.Release|Any CPU.ActiveCfg = Release|Any CPU
		{046A1B6F-76C4-4B21-9231-235E7C882EFA}.Release|Any CPU.Build.0 = Release|Any CPU
		{B506E1A7-7537-4BD7-A6F3-1D389BF1B15F}.Debug|Any CPU.ActiveCfg = Debug|Any CPU
		{B506E1A7-7537-4BD7-A6F3-1D389BF1B15F}.Debug|Any CPU.Build.0 = Debug|Any CPU
		{B506E1A7-7537-4BD7-A6F3-1D389BF1B15F}.Release|Any CPU.ActiveCfg = Release|Any CPU
		{B506E1A7-7537-4BD7-A6F3-1D389BF1B15F}.Release|Any CPU.Build.0 = Release|Any CPU
		{12D5F3D1-AA2D-4696-925C-38DF4E850793}.Debug|Any CPU.ActiveCfg = Debug|Any CPU
		{12D5F3D1-AA2D-4696-925C-38DF4E850793}.Debug|Any CPU.Build.0 = Debug|Any CPU
		{12D5F3D1-AA2D-4696-925C-38DF4E850793}.Release|Any CPU.ActiveCfg = Release|Any CPU
		{12D5F3D1-AA2D-4696-925C-38DF4E850793}.Release|Any CPU.Build.0 = Release|Any CPU
		{7EB88E1E-0BA8-4181-A427-C118E554A4CB}.Debug|Any CPU.ActiveCfg = Debug|Any CPU
		{7EB88E1E-0BA8-4181-A427-C118E554A4CB}.Debug|Any CPU.Build.0 = Debug|Any CPU
		{7EB88E1E-0BA8-4181-A427-C118E554A4CB}.Release|Any CPU.ActiveCfg = Release|Any CPU
		{7EB88E1E-0BA8-4181-A427-C118E554A4CB}.Release|Any CPU.Build.0 = Release|Any CPU
		{83EE4626-F6F7-41E9-80DA-7ACF07E1683C}.Debug|Any CPU.ActiveCfg = Debug|Any CPU
		{83EE4626-F6F7-41E9-80DA-7ACF07E1683C}.Debug|Any CPU.Build.0 = Debug|Any CPU
		{83EE4626-F6F7-41E9-80DA-7ACF07E1683C}.Release|Any CPU.ActiveCfg = Release|Any CPU
		{83EE4626-F6F7-41E9-80DA-7ACF07E1683C}.Release|Any CPU.Build.0 = Release|Any CPU
		{91A8E06C-C1CB-41A3-89AC-786235A82F48}.Debug|Any CPU.ActiveCfg = Debug|Any CPU
		{91A8E06C-C1CB-41A3-89AC-786235A82F48}.Debug|Any CPU.Build.0 = Debug|Any CPU
		{91A8E06C-C1CB-41A3-89AC-786235A82F48}.Release|Any CPU.ActiveCfg = Release|Any CPU
		{91A8E06C-C1CB-41A3-89AC-786235A82F48}.Release|Any CPU.Build.0 = Release|Any CPU
		{86A384B7-C10B-470B-9A32-6181219B4F8D}.Debug|Any CPU.ActiveCfg = Debug|Any CPU
		{86A384B7-C10B-470B-9A32-6181219B4F8D}.Debug|Any CPU.Build.0 = Debug|Any CPU
		{86A384B7-C10B-470B-9A32-6181219B4F8D}.Release|Any CPU.ActiveCfg = Release|Any CPU
		{86A384B7-C10B-470B-9A32-6181219B4F8D}.Release|Any CPU.Build.0 = Release|Any CPU
		{4E45EA50-D796-4397-9A17-C0BB6E6DC544}.Debug|Any CPU.ActiveCfg = Debug|Any CPU
		{4E45EA50-D796-4397-9A17-C0BB6E6DC544}.Debug|Any CPU.Build.0 = Debug|Any CPU
		{4E45EA50-D796-4397-9A17-C0BB6E6DC544}.Release|Any CPU.ActiveCfg = Release|Any CPU
		{4E45EA50-D796-4397-9A17-C0BB6E6DC544}.Release|Any CPU.Build.0 = Release|Any CPU
		{63F01BEC-CD1A-41E8-AF4C-D1FE7519893C}.Debug|Any CPU.ActiveCfg = Debug|Any CPU
		{63F01BEC-CD1A-41E8-AF4C-D1FE7519893C}.Debug|Any CPU.Build.0 = Debug|Any CPU
		{63F01BEC-CD1A-41E8-AF4C-D1FE7519893C}.Release|Any CPU.ActiveCfg = Release|Any CPU
		{63F01BEC-CD1A-41E8-AF4C-D1FE7519893C}.Release|Any CPU.Build.0 = Release|Any CPU
		{A5531651-6EC9-42EF-8090-1F85DFED9D5F}.Debug|Any CPU.ActiveCfg = Debug|Any CPU
		{A5531651-6EC9-42EF-8090-1F85DFED9D5F}.Debug|Any CPU.Build.0 = Debug|Any CPU
		{A5531651-6EC9-42EF-8090-1F85DFED9D5F}.Release|Any CPU.ActiveCfg = Release|Any CPU
		{A5531651-6EC9-42EF-8090-1F85DFED9D5F}.Release|Any CPU.Build.0 = Release|Any CPU
		{2CC4BD1C-B7C5-43DB-B612-D59684E0E049}.Debug|Any CPU.ActiveCfg = Debug|Any CPU
		{2CC4BD1C-B7C5-43DB-B612-D59684E0E049}.Debug|Any CPU.Build.0 = Debug|Any CPU
		{2CC4BD1C-B7C5-43DB-B612-D59684E0E049}.Release|Any CPU.ActiveCfg = Release|Any CPU
		{2CC4BD1C-B7C5-43DB-B612-D59684E0E049}.Release|Any CPU.Build.0 = Release|Any CPU
		{35371C6E-3BDC-4F99-B15F-D55D3A91ABAB}.Debug|Any CPU.ActiveCfg = Debug|Any CPU
		{35371C6E-3BDC-4F99-B15F-D55D3A91ABAB}.Debug|Any CPU.Build.0 = Debug|Any CPU
		{35371C6E-3BDC-4F99-B15F-D55D3A91ABAB}.Release|Any CPU.ActiveCfg = Release|Any CPU
		{35371C6E-3BDC-4F99-B15F-D55D3A91ABAB}.Release|Any CPU.Build.0 = Release|Any CPU
		{CC29B2BD-9382-4155-803F-C2799B5BC0FE}.Debug|Any CPU.ActiveCfg = Debug|Any CPU
		{CC29B2BD-9382-4155-803F-C2799B5BC0FE}.Debug|Any CPU.Build.0 = Debug|Any CPU
		{CC29B2BD-9382-4155-803F-C2799B5BC0FE}.Release|Any CPU.ActiveCfg = Release|Any CPU
		{CC29B2BD-9382-4155-803F-C2799B5BC0FE}.Release|Any CPU.Build.0 = Release|Any CPU
		{F1FF9FB4-FC9C-48F3-ACC1-F03D751349DD}.Debug|Any CPU.ActiveCfg = Debug|Any CPU
		{F1FF9FB4-FC9C-48F3-ACC1-F03D751349DD}.Debug|Any CPU.Build.0 = Debug|Any CPU
		{F1FF9FB4-FC9C-48F3-ACC1-F03D751349DD}.Release|Any CPU.ActiveCfg = Release|Any CPU
		{F1FF9FB4-FC9C-48F3-ACC1-F03D751349DD}.Release|Any CPU.Build.0 = Release|Any CPU
		{A0D34A6C-4D2D-4546-9B85-F9A594317EDC}.Debug|Any CPU.ActiveCfg = Debug|Any CPU
		{A0D34A6C-4D2D-4546-9B85-F9A594317EDC}.Debug|Any CPU.Build.0 = Debug|Any CPU
		{A0D34A6C-4D2D-4546-9B85-F9A594317EDC}.Release|Any CPU.ActiveCfg = Release|Any CPU
		{A0D34A6C-4D2D-4546-9B85-F9A594317EDC}.Release|Any CPU.Build.0 = Release|Any CPU
		{8519179A-7CA5-40E0-9BDC-61BCC692E3DD}.Debug|Any CPU.ActiveCfg = Debug|Any CPU
		{8519179A-7CA5-40E0-9BDC-61BCC692E3DD}.Debug|Any CPU.Build.0 = Debug|Any CPU
		{8519179A-7CA5-40E0-9BDC-61BCC692E3DD}.Release|Any CPU.ActiveCfg = Release|Any CPU
		{8519179A-7CA5-40E0-9BDC-61BCC692E3DD}.Release|Any CPU.Build.0 = Release|Any CPU
		{2FBE4DCF-BB14-46AD-A2F0-C26F5BDD9686}.Debug|Any CPU.ActiveCfg = Debug|Any CPU
		{2FBE4DCF-BB14-46AD-A2F0-C26F5BDD9686}.Debug|Any CPU.Build.0 = Debug|Any CPU
		{2FBE4DCF-BB14-46AD-A2F0-C26F5BDD9686}.Release|Any CPU.ActiveCfg = Release|Any CPU
		{2FBE4DCF-BB14-46AD-A2F0-C26F5BDD9686}.Release|Any CPU.Build.0 = Release|Any CPU
		{CF3272D5-5E42-4ABB-AA1D-35E91970E5C4}.Debug|Any CPU.ActiveCfg = Debug|Any CPU
		{CF3272D5-5E42-4ABB-AA1D-35E91970E5C4}.Debug|Any CPU.Build.0 = Debug|Any CPU
		{CF3272D5-5E42-4ABB-AA1D-35E91970E5C4}.Release|Any CPU.ActiveCfg = Release|Any CPU
		{CF3272D5-5E42-4ABB-AA1D-35E91970E5C4}.Release|Any CPU.Build.0 = Release|Any CPU
		{0919AE8D-43D7-4AEF-B372-066B18C095E7}.Debug|Any CPU.ActiveCfg = Debug|Any CPU
		{0919AE8D-43D7-4AEF-B372-066B18C095E7}.Debug|Any CPU.Build.0 = Debug|Any CPU
		{0919AE8D-43D7-4AEF-B372-066B18C095E7}.Release|Any CPU.ActiveCfg = Release|Any CPU
		{0919AE8D-43D7-4AEF-B372-066B18C095E7}.Release|Any CPU.Build.0 = Release|Any CPU
		{95BD6C4B-AC0C-49C1-BF54-85F674A3D984}.Debug|Any CPU.ActiveCfg = Debug|Any CPU
		{95BD6C4B-AC0C-49C1-BF54-85F674A3D984}.Debug|Any CPU.Build.0 = Debug|Any CPU
		{95BD6C4B-AC0C-49C1-BF54-85F674A3D984}.Release|Any CPU.ActiveCfg = Release|Any CPU
		{95BD6C4B-AC0C-49C1-BF54-85F674A3D984}.Release|Any CPU.Build.0 = Release|Any CPU
		{6679504F-6358-4E71-96B6-E381527498BF}.Debug|Any CPU.ActiveCfg = Debug|Any CPU
		{6679504F-6358-4E71-96B6-E381527498BF}.Debug|Any CPU.Build.0 = Debug|Any CPU
		{6679504F-6358-4E71-96B6-E381527498BF}.Release|Any CPU.ActiveCfg = Release|Any CPU
		{6679504F-6358-4E71-96B6-E381527498BF}.Release|Any CPU.Build.0 = Release|Any CPU
		{8E0F46FD-C731-40ED-9BCD-D5EF1FCF32F0}.Debug|Any CPU.ActiveCfg = Debug|Any CPU
		{8E0F46FD-C731-40ED-9BCD-D5EF1FCF32F0}.Debug|Any CPU.Build.0 = Debug|Any CPU
		{8E0F46FD-C731-40ED-9BCD-D5EF1FCF32F0}.Release|Any CPU.ActiveCfg = Release|Any CPU
		{8E0F46FD-C731-40ED-9BCD-D5EF1FCF32F0}.Release|Any CPU.Build.0 = Release|Any CPU
		{9EA72DA4-E83F-4801-AFDA-C549E8F134A5}.Debug|Any CPU.ActiveCfg = Debug|Any CPU
		{9EA72DA4-E83F-4801-AFDA-C549E8F134A5}.Debug|Any CPU.Build.0 = Debug|Any CPU
		{9EA72DA4-E83F-4801-AFDA-C549E8F134A5}.Release|Any CPU.ActiveCfg = Release|Any CPU
		{9EA72DA4-E83F-4801-AFDA-C549E8F134A5}.Release|Any CPU.Build.0 = Release|Any CPU
		{05B26062-CA1F-4F8A-A91C-037ECEE822B9}.Debug|Any CPU.ActiveCfg = Debug|Any CPU
		{05B26062-CA1F-4F8A-A91C-037ECEE822B9}.Debug|Any CPU.Build.0 = Debug|Any CPU
		{05B26062-CA1F-4F8A-A91C-037ECEE822B9}.Release|Any CPU.ActiveCfg = Release|Any CPU
		{05B26062-CA1F-4F8A-A91C-037ECEE822B9}.Release|Any CPU.Build.0 = Release|Any CPU
		{A0482096-2871-4AEE-98B1-D5217C3F3928}.Debug|Any CPU.ActiveCfg = Debug|Any CPU
		{A0482096-2871-4AEE-98B1-D5217C3F3928}.Debug|Any CPU.Build.0 = Debug|Any CPU
		{A0482096-2871-4AEE-98B1-D5217C3F3928}.Release|Any CPU.ActiveCfg = Release|Any CPU
		{A0482096-2871-4AEE-98B1-D5217C3F3928}.Release|Any CPU.Build.0 = Release|Any CPU
		{3BF76B83-FEC6-44D2-A16D-488C4D1B7A1D}.Debug|Any CPU.ActiveCfg = Debug|Any CPU
		{3BF76B83-FEC6-44D2-A16D-488C4D1B7A1D}.Debug|Any CPU.Build.0 = Debug|Any CPU
		{3BF76B83-FEC6-44D2-A16D-488C4D1B7A1D}.Release|Any CPU.ActiveCfg = Release|Any CPU
		{3BF76B83-FEC6-44D2-A16D-488C4D1B7A1D}.Release|Any CPU.Build.0 = Release|Any CPU
		{D19902B7-78C0-4212-B68D-109AE8ECFF68}.Debug|Any CPU.ActiveCfg = Debug|Any CPU
		{D19902B7-78C0-4212-B68D-109AE8ECFF68}.Debug|Any CPU.Build.0 = Debug|Any CPU
		{D19902B7-78C0-4212-B68D-109AE8ECFF68}.Release|Any CPU.ActiveCfg = Release|Any CPU
		{D19902B7-78C0-4212-B68D-109AE8ECFF68}.Release|Any CPU.Build.0 = Release|Any CPU
		{3F231EB5-3246-419B-A005-2E0363549E82}.Debug|Any CPU.ActiveCfg = Debug|Any CPU
		{3F231EB5-3246-419B-A005-2E0363549E82}.Debug|Any CPU.Build.0 = Debug|Any CPU
		{3F231EB5-3246-419B-A005-2E0363549E82}.Release|Any CPU.ActiveCfg = Release|Any CPU
		{3F231EB5-3246-419B-A005-2E0363549E82}.Release|Any CPU.Build.0 = Release|Any CPU
		{EA1AE652-F7B9-4AB6-8D8A-525EA8C2DE3E}.Debug|Any CPU.ActiveCfg = Debug|Any CPU
		{EA1AE652-F7B9-4AB6-8D8A-525EA8C2DE3E}.Debug|Any CPU.Build.0 = Debug|Any CPU
		{EA1AE652-F7B9-4AB6-8D8A-525EA8C2DE3E}.Release|Any CPU.ActiveCfg = Release|Any CPU
		{EA1AE652-F7B9-4AB6-8D8A-525EA8C2DE3E}.Release|Any CPU.Build.0 = Release|Any CPU
		{1ECF730A-3FE6-4F82-9A53-6D1D84B59D5D}.Debug|Any CPU.ActiveCfg = Debug|Any CPU
		{1ECF730A-3FE6-4F82-9A53-6D1D84B59D5D}.Debug|Any CPU.Build.0 = Debug|Any CPU
		{1ECF730A-3FE6-4F82-9A53-6D1D84B59D5D}.Release|Any CPU.ActiveCfg = Release|Any CPU
		{1ECF730A-3FE6-4F82-9A53-6D1D84B59D5D}.Release|Any CPU.Build.0 = Release|Any CPU
		{BB4D8012-3F07-4A43-89AB-6B3DF4F31193}.Debug|Any CPU.ActiveCfg = Debug|Any CPU
		{BB4D8012-3F07-4A43-89AB-6B3DF4F31193}.Debug|Any CPU.Build.0 = Debug|Any CPU
		{BB4D8012-3F07-4A43-89AB-6B3DF4F31193}.Release|Any CPU.ActiveCfg = Release|Any CPU
		{BB4D8012-3F07-4A43-89AB-6B3DF4F31193}.Release|Any CPU.Build.0 = Release|Any CPU
		{CCE88124-BAA9-43FD-B12D-9DA1D637AFCF}.Debug|Any CPU.ActiveCfg = Debug|Any CPU
		{CCE88124-BAA9-43FD-B12D-9DA1D637AFCF}.Debug|Any CPU.Build.0 = Debug|Any CPU
		{CCE88124-BAA9-43FD-B12D-9DA1D637AFCF}.Release|Any CPU.ActiveCfg = Release|Any CPU
		{CCE88124-BAA9-43FD-B12D-9DA1D637AFCF}.Release|Any CPU.Build.0 = Release|Any CPU
		{6D3A227D-2765-4994-9A81-F8B2888DE8B7}.Debug|Any CPU.ActiveCfg = Debug|Any CPU
		{6D3A227D-2765-4994-9A81-F8B2888DE8B7}.Debug|Any CPU.Build.0 = Debug|Any CPU
		{6D3A227D-2765-4994-9A81-F8B2888DE8B7}.Release|Any CPU.ActiveCfg = Release|Any CPU
		{6D3A227D-2765-4994-9A81-F8B2888DE8B7}.Release|Any CPU.Build.0 = Release|Any CPU
		{F6BA177B-ECA2-48B9-B062-29E72AA37CCC}.Debug|Any CPU.ActiveCfg = Debug|Any CPU
		{F6BA177B-ECA2-48B9-B062-29E72AA37CCC}.Debug|Any CPU.Build.0 = Debug|Any CPU
		{F6BA177B-ECA2-48B9-B062-29E72AA37CCC}.Release|Any CPU.ActiveCfg = Release|Any CPU
		{F6BA177B-ECA2-48B9-B062-29E72AA37CCC}.Release|Any CPU.Build.0 = Release|Any CPU
		{AF9C27A7-BBCE-471A-945A-F3D15F088603}.Debug|Any CPU.ActiveCfg = Debug|Any CPU
		{AF9C27A7-BBCE-471A-945A-F3D15F088603}.Debug|Any CPU.Build.0 = Debug|Any CPU
		{AF9C27A7-BBCE-471A-945A-F3D15F088603}.Release|Any CPU.ActiveCfg = Release|Any CPU
		{AF9C27A7-BBCE-471A-945A-F3D15F088603}.Release|Any CPU.Build.0 = Release|Any CPU
		{38D4E3A3-3865-4836-9EA8-9BC19FFF2F06}.Debug|Any CPU.ActiveCfg = Debug|Any CPU
		{38D4E3A3-3865-4836-9EA8-9BC19FFF2F06}.Debug|Any CPU.Build.0 = Debug|Any CPU
		{38D4E3A3-3865-4836-9EA8-9BC19FFF2F06}.Release|Any CPU.ActiveCfg = Release|Any CPU
		{38D4E3A3-3865-4836-9EA8-9BC19FFF2F06}.Release|Any CPU.Build.0 = Release|Any CPU
		{ED22AC6C-3C6D-4477-B83B-17027C6F6DBE}.Debug|Any CPU.ActiveCfg = Debug|Any CPU
		{ED22AC6C-3C6D-4477-B83B-17027C6F6DBE}.Debug|Any CPU.Build.0 = Debug|Any CPU
		{ED22AC6C-3C6D-4477-B83B-17027C6F6DBE}.Release|Any CPU.ActiveCfg = Release|Any CPU
		{ED22AC6C-3C6D-4477-B83B-17027C6F6DBE}.Release|Any CPU.Build.0 = Release|Any CPU
		{9AA4876E-5FBE-421B-B5E6-B00ABE9D014E}.Debug|Any CPU.ActiveCfg = Debug|Any CPU
		{9AA4876E-5FBE-421B-B5E6-B00ABE9D014E}.Debug|Any CPU.Build.0 = Debug|Any CPU
		{9AA4876E-5FBE-421B-B5E6-B00ABE9D014E}.Release|Any CPU.ActiveCfg = Release|Any CPU
		{9AA4876E-5FBE-421B-B5E6-B00ABE9D014E}.Release|Any CPU.Build.0 = Release|Any CPU
		{AE075CA7-1BA7-41BD-82A5-2531EFD76B5F}.Debug|Any CPU.ActiveCfg = Debug|Any CPU
		{AE075CA7-1BA7-41BD-82A5-2531EFD76B5F}.Debug|Any CPU.Build.0 = Debug|Any CPU
		{AE075CA7-1BA7-41BD-82A5-2531EFD76B5F}.Release|Any CPU.ActiveCfg = Release|Any CPU
		{AE075CA7-1BA7-41BD-82A5-2531EFD76B5F}.Release|Any CPU.Build.0 = Release|Any CPU
		{0D9462C3-9141-4DDF-AFC3-7E2270036166}.Debug|Any CPU.ActiveCfg = Debug|Any CPU
		{0D9462C3-9141-4DDF-AFC3-7E2270036166}.Debug|Any CPU.Build.0 = Debug|Any CPU
		{0D9462C3-9141-4DDF-AFC3-7E2270036166}.Release|Any CPU.ActiveCfg = Release|Any CPU
		{0D9462C3-9141-4DDF-AFC3-7E2270036166}.Release|Any CPU.Build.0 = Release|Any CPU
		{C0E2CC98-3DD3-4D31-A295-645264F4C68F}.Debug|Any CPU.ActiveCfg = Debug|Any CPU
		{C0E2CC98-3DD3-4D31-A295-645264F4C68F}.Debug|Any CPU.Build.0 = Debug|Any CPU
		{C0E2CC98-3DD3-4D31-A295-645264F4C68F}.Release|Any CPU.ActiveCfg = Release|Any CPU
		{C0E2CC98-3DD3-4D31-A295-645264F4C68F}.Release|Any CPU.Build.0 = Release|Any CPU
		{430EDBDC-2015-4986-8E92-F00D942DAA38}.Debug|Any CPU.ActiveCfg = Debug|Any CPU
		{430EDBDC-2015-4986-8E92-F00D942DAA38}.Debug|Any CPU.Build.0 = Debug|Any CPU
		{430EDBDC-2015-4986-8E92-F00D942DAA38}.Release|Any CPU.ActiveCfg = Release|Any CPU
		{430EDBDC-2015-4986-8E92-F00D942DAA38}.Release|Any CPU.Build.0 = Release|Any CPU
		{FFB80A02-8BB9-4071-AA0E-506280A21035}.Debug|Any CPU.ActiveCfg = Debug|Any CPU
		{FFB80A02-8BB9-4071-AA0E-506280A21035}.Debug|Any CPU.Build.0 = Debug|Any CPU
		{FFB80A02-8BB9-4071-AA0E-506280A21035}.Release|Any CPU.ActiveCfg = Release|Any CPU
		{FFB80A02-8BB9-4071-AA0E-506280A21035}.Release|Any CPU.Build.0 = Release|Any CPU
		{ABCC7C51-B0EB-4698-BCF2-8970D90BD449}.Debug|Any CPU.ActiveCfg = Debug|Any CPU
		{ABCC7C51-B0EB-4698-BCF2-8970D90BD449}.Debug|Any CPU.Build.0 = Debug|Any CPU
		{ABCC7C51-B0EB-4698-BCF2-8970D90BD449}.Release|Any CPU.ActiveCfg = Release|Any CPU
		{ABCC7C51-B0EB-4698-BCF2-8970D90BD449}.Release|Any CPU.Build.0 = Release|Any CPU
		{1BDE43BD-725A-4C61-A150-E3B4468E4CBC}.Debug|Any CPU.ActiveCfg = Debug|Any CPU
		{1BDE43BD-725A-4C61-A150-E3B4468E4CBC}.Debug|Any CPU.Build.0 = Debug|Any CPU
		{1BDE43BD-725A-4C61-A150-E3B4468E4CBC}.Release|Any CPU.ActiveCfg = Release|Any CPU
		{1BDE43BD-725A-4C61-A150-E3B4468E4CBC}.Release|Any CPU.Build.0 = Release|Any CPU
		{FD4DA127-0C6E-4D5D-9F2A-61E0C2AC1C51}.Debug|Any CPU.ActiveCfg = Debug|Any CPU
		{FD4DA127-0C6E-4D5D-9F2A-61E0C2AC1C51}.Debug|Any CPU.Build.0 = Debug|Any CPU
		{FD4DA127-0C6E-4D5D-9F2A-61E0C2AC1C51}.Release|Any CPU.ActiveCfg = Release|Any CPU
		{FD4DA127-0C6E-4D5D-9F2A-61E0C2AC1C51}.Release|Any CPU.Build.0 = Release|Any CPU
		{8B6E8DA5-417D-421F-9661-8A68C5AA95A9}.Debug|Any CPU.ActiveCfg = Debug|Any CPU
		{8B6E8DA5-417D-421F-9661-8A68C5AA95A9}.Debug|Any CPU.Build.0 = Debug|Any CPU
		{8B6E8DA5-417D-421F-9661-8A68C5AA95A9}.Release|Any CPU.ActiveCfg = Release|Any CPU
		{8B6E8DA5-417D-421F-9661-8A68C5AA95A9}.Release|Any CPU.Build.0 = Release|Any CPU
		{AB572158-CBEB-4146-845B-DF40D5F54FA5}.Debug|Any CPU.ActiveCfg = Debug|Any CPU
		{AB572158-CBEB-4146-845B-DF40D5F54FA5}.Debug|Any CPU.Build.0 = Debug|Any CPU
		{AB572158-CBEB-4146-845B-DF40D5F54FA5}.Release|Any CPU.ActiveCfg = Release|Any CPU
		{AB572158-CBEB-4146-845B-DF40D5F54FA5}.Release|Any CPU.Build.0 = Release|Any CPU
		{331F9D6C-CE92-4FC4-A06D-654FCFDAF8F2}.Debug|Any CPU.ActiveCfg = Debug|Any CPU
		{331F9D6C-CE92-4FC4-A06D-654FCFDAF8F2}.Debug|Any CPU.Build.0 = Debug|Any CPU
		{331F9D6C-CE92-4FC4-A06D-654FCFDAF8F2}.Release|Any CPU.ActiveCfg = Release|Any CPU
		{331F9D6C-CE92-4FC4-A06D-654FCFDAF8F2}.Release|Any CPU.Build.0 = Release|Any CPU
		{77FB6962-5BCE-430C-BA30-EC4B6517AFA4}.Debug|Any CPU.ActiveCfg = Debug|Any CPU
		{77FB6962-5BCE-430C-BA30-EC4B6517AFA4}.Debug|Any CPU.Build.0 = Debug|Any CPU
		{77FB6962-5BCE-430C-BA30-EC4B6517AFA4}.Release|Any CPU.ActiveCfg = Release|Any CPU
		{77FB6962-5BCE-430C-BA30-EC4B6517AFA4}.Release|Any CPU.Build.0 = Release|Any CPU
		{0C6B46B9-A0B6-4174-9156-48DF7C00A0A8}.Debug|Any CPU.ActiveCfg = Debug|Any CPU
		{0C6B46B9-A0B6-4174-9156-48DF7C00A0A8}.Debug|Any CPU.Build.0 = Debug|Any CPU
		{0C6B46B9-A0B6-4174-9156-48DF7C00A0A8}.Release|Any CPU.ActiveCfg = Release|Any CPU
		{0C6B46B9-A0B6-4174-9156-48DF7C00A0A8}.Release|Any CPU.Build.0 = Release|Any CPU
		{74AC892E-EAAE-4E0D-8EC0-90B6F539BD7C}.Debug|Any CPU.ActiveCfg = Debug|Any CPU
		{74AC892E-EAAE-4E0D-8EC0-90B6F539BD7C}.Debug|Any CPU.Build.0 = Debug|Any CPU
		{74AC892E-EAAE-4E0D-8EC0-90B6F539BD7C}.Release|Any CPU.ActiveCfg = Release|Any CPU
		{74AC892E-EAAE-4E0D-8EC0-90B6F539BD7C}.Release|Any CPU.Build.0 = Release|Any CPU
		{E7E50ADD-13E6-4FBB-A383-A816B01D4B5B}.Debug|Any CPU.ActiveCfg = Debug|Any CPU
		{E7E50ADD-13E6-4FBB-A383-A816B01D4B5B}.Debug|Any CPU.Build.0 = Debug|Any CPU
		{E7E50ADD-13E6-4FBB-A383-A816B01D4B5B}.Release|Any CPU.ActiveCfg = Release|Any CPU
		{E7E50ADD-13E6-4FBB-A383-A816B01D4B5B}.Release|Any CPU.Build.0 = Release|Any CPU
		{FE5CD6BA-9DDE-491A-A7C5-A13CA02D27C1}.Debug|Any CPU.ActiveCfg = Debug|Any CPU
		{FE5CD6BA-9DDE-491A-A7C5-A13CA02D27C1}.Debug|Any CPU.Build.0 = Debug|Any CPU
		{FE5CD6BA-9DDE-491A-A7C5-A13CA02D27C1}.Release|Any CPU.ActiveCfg = Release|Any CPU
		{FE5CD6BA-9DDE-491A-A7C5-A13CA02D27C1}.Release|Any CPU.Build.0 = Release|Any CPU
		{5B41F9D4-186B-4A30-8618-6E6B627DDA88}.Debug|Any CPU.ActiveCfg = Debug|Any CPU
		{5B41F9D4-186B-4A30-8618-6E6B627DDA88}.Debug|Any CPU.Build.0 = Debug|Any CPU
		{5B41F9D4-186B-4A30-8618-6E6B627DDA88}.Release|Any CPU.ActiveCfg = Release|Any CPU
		{5B41F9D4-186B-4A30-8618-6E6B627DDA88}.Release|Any CPU.Build.0 = Release|Any CPU
		{0189F6CD-3140-4305-89CE-08ACB534B0EE}.Debug|Any CPU.ActiveCfg = Debug|Any CPU
		{0189F6CD-3140-4305-89CE-08ACB534B0EE}.Debug|Any CPU.Build.0 = Debug|Any CPU
		{0189F6CD-3140-4305-89CE-08ACB534B0EE}.Release|Any CPU.ActiveCfg = Release|Any CPU
		{0189F6CD-3140-4305-89CE-08ACB534B0EE}.Release|Any CPU.Build.0 = Release|Any CPU
		{E9F62862-5044-4385-A95F-BFE4A6F29B95}.Debug|Any CPU.ActiveCfg = Debug|Any CPU
		{E9F62862-5044-4385-A95F-BFE4A6F29B95}.Debug|Any CPU.Build.0 = Debug|Any CPU
		{E9F62862-5044-4385-A95F-BFE4A6F29B95}.Release|Any CPU.ActiveCfg = Release|Any CPU
		{E9F62862-5044-4385-A95F-BFE4A6F29B95}.Release|Any CPU.Build.0 = Release|Any CPU
		{BD27E331-6016-4377-966E-84694E245CC3}.Debug|Any CPU.ActiveCfg = Debug|Any CPU
		{BD27E331-6016-4377-966E-84694E245CC3}.Debug|Any CPU.Build.0 = Debug|Any CPU
		{BD27E331-6016-4377-966E-84694E245CC3}.Release|Any CPU.ActiveCfg = Release|Any CPU
		{BD27E331-6016-4377-966E-84694E245CC3}.Release|Any CPU.Build.0 = Release|Any CPU
		{A02C0214-E54E-4259-93FF-B40E00733AD5}.Debug|Any CPU.ActiveCfg = Debug|Any CPU
		{A02C0214-E54E-4259-93FF-B40E00733AD5}.Debug|Any CPU.Build.0 = Debug|Any CPU
		{A02C0214-E54E-4259-93FF-B40E00733AD5}.Release|Any CPU.ActiveCfg = Release|Any CPU
		{A02C0214-E54E-4259-93FF-B40E00733AD5}.Release|Any CPU.Build.0 = Release|Any CPU
		{D47E47D4-0358-42A6-9D23-2D37A261F27D}.Debug|Any CPU.ActiveCfg = Debug|Any CPU
		{D47E47D4-0358-42A6-9D23-2D37A261F27D}.Debug|Any CPU.Build.0 = Debug|Any CPU
		{D47E47D4-0358-42A6-9D23-2D37A261F27D}.Release|Any CPU.ActiveCfg = Release|Any CPU
		{D47E47D4-0358-42A6-9D23-2D37A261F27D}.Release|Any CPU.Build.0 = Release|Any CPU
		{F8DA0E84-0930-4532-A752-5D6BA87C3B12}.Debug|Any CPU.ActiveCfg = Debug|Any CPU
		{F8DA0E84-0930-4532-A752-5D6BA87C3B12}.Debug|Any CPU.Build.0 = Debug|Any CPU
		{F8DA0E84-0930-4532-A752-5D6BA87C3B12}.Release|Any CPU.ActiveCfg = Release|Any CPU
		{F8DA0E84-0930-4532-A752-5D6BA87C3B12}.Release|Any CPU.Build.0 = Release|Any CPU
		{93B6F946-4ED4-4FBB-B520-24B5E6C95D80}.Debug|Any CPU.ActiveCfg = Debug|Any CPU
		{93B6F946-4ED4-4FBB-B520-24B5E6C95D80}.Debug|Any CPU.Build.0 = Debug|Any CPU
		{93B6F946-4ED4-4FBB-B520-24B5E6C95D80}.Release|Any CPU.ActiveCfg = Release|Any CPU
		{93B6F946-4ED4-4FBB-B520-24B5E6C95D80}.Release|Any CPU.Build.0 = Release|Any CPU
		{7EF7B708-71FD-4F79-8968-B000475219D3}.Debug|Any CPU.ActiveCfg = Debug|Any CPU
		{7EF7B708-71FD-4F79-8968-B000475219D3}.Debug|Any CPU.Build.0 = Debug|Any CPU
		{7EF7B708-71FD-4F79-8968-B000475219D3}.Release|Any CPU.ActiveCfg = Release|Any CPU
		{7EF7B708-71FD-4F79-8968-B000475219D3}.Release|Any CPU.Build.0 = Release|Any CPU
		{E749915A-0D3D-48CB-9C41-1FC032DB9C02}.Debug|Any CPU.ActiveCfg = Debug|Any CPU
		{E749915A-0D3D-48CB-9C41-1FC032DB9C02}.Debug|Any CPU.Build.0 = Debug|Any CPU
		{E749915A-0D3D-48CB-9C41-1FC032DB9C02}.Release|Any CPU.ActiveCfg = Release|Any CPU
		{E749915A-0D3D-48CB-9C41-1FC032DB9C02}.Release|Any CPU.Build.0 = Release|Any CPU
		{A8DB993B-57CC-4E5B-8A9F-873C90A4AD11}.Debug|Any CPU.ActiveCfg = Debug|Any CPU
		{A8DB993B-57CC-4E5B-8A9F-873C90A4AD11}.Debug|Any CPU.Build.0 = Debug|Any CPU
		{A8DB993B-57CC-4E5B-8A9F-873C90A4AD11}.Release|Any CPU.ActiveCfg = Release|Any CPU
		{A8DB993B-57CC-4E5B-8A9F-873C90A4AD11}.Release|Any CPU.Build.0 = Release|Any CPU
		{D9910F02-A2A5-4C35-A418-221B89E8D94D}.Debug|Any CPU.ActiveCfg = Debug|Any CPU
		{D9910F02-A2A5-4C35-A418-221B89E8D94D}.Debug|Any CPU.Build.0 = Debug|Any CPU
		{D9910F02-A2A5-4C35-A418-221B89E8D94D}.Release|Any CPU.ActiveCfg = Release|Any CPU
		{D9910F02-A2A5-4C35-A418-221B89E8D94D}.Release|Any CPU.Build.0 = Release|Any CPU
		{FA01CCF3-5668-4973-A27B-B143ED397A44}.Debug|Any CPU.ActiveCfg = Debug|Any CPU
		{FA01CCF3-5668-4973-A27B-B143ED397A44}.Debug|Any CPU.Build.0 = Debug|Any CPU
		{FA01CCF3-5668-4973-A27B-B143ED397A44}.Debug|Any CPU.Deploy.0 = Debug|Any CPU
		{FA01CCF3-5668-4973-A27B-B143ED397A44}.Release|Any CPU.ActiveCfg = Release|Any CPU
		{FA01CCF3-5668-4973-A27B-B143ED397A44}.Release|Any CPU.Build.0 = Release|Any CPU
		{FA01CCF3-5668-4973-A27B-B143ED397A44}.Release|Any CPU.Deploy.0 = Release|Any CPU
		{55C0CE36-7F78-4673-BA5B-1B270D92190C}.Debug|Any CPU.ActiveCfg = Debug|Any CPU
		{55C0CE36-7F78-4673-BA5B-1B270D92190C}.Debug|Any CPU.Build.0 = Debug|Any CPU
		{55C0CE36-7F78-4673-BA5B-1B270D92190C}.Release|Any CPU.ActiveCfg = Release|Any CPU
		{55C0CE36-7F78-4673-BA5B-1B270D92190C}.Release|Any CPU.Build.0 = Release|Any CPU
		{7804D1B9-0DC7-4167-9C47-77EB114D8FF2}.Debug|Any CPU.ActiveCfg = Debug|Any CPU
		{7804D1B9-0DC7-4167-9C47-77EB114D8FF2}.Debug|Any CPU.Build.0 = Debug|Any CPU
		{7804D1B9-0DC7-4167-9C47-77EB114D8FF2}.Release|Any CPU.ActiveCfg = Release|Any CPU
		{7804D1B9-0DC7-4167-9C47-77EB114D8FF2}.Release|Any CPU.Build.0 = Release|Any CPU
		{2ED0A1F4-00BC-4679-A2C7-46A534D308A2}.Debug|Any CPU.ActiveCfg = Debug|Any CPU
		{2ED0A1F4-00BC-4679-A2C7-46A534D308A2}.Debug|Any CPU.Build.0 = Debug|Any CPU
		{2ED0A1F4-00BC-4679-A2C7-46A534D308A2}.Release|Any CPU.ActiveCfg = Release|Any CPU
		{2ED0A1F4-00BC-4679-A2C7-46A534D308A2}.Release|Any CPU.Build.0 = Release|Any CPU
		{A1DAE17A-A52E-4FAA-B6B4-2BE41D14D2E4}.Debug|Any CPU.ActiveCfg = Debug|Any CPU
		{A1DAE17A-A52E-4FAA-B6B4-2BE41D14D2E4}.Debug|Any CPU.Build.0 = Debug|Any CPU
		{A1DAE17A-A52E-4FAA-B6B4-2BE41D14D2E4}.Release|Any CPU.ActiveCfg = Release|Any CPU
		{A1DAE17A-A52E-4FAA-B6B4-2BE41D14D2E4}.Release|Any CPU.Build.0 = Release|Any CPU
		{B07E8CAD-46EB-43EB-87DD-309095989B48}.Debug|Any CPU.ActiveCfg = Debug|Any CPU
		{B07E8CAD-46EB-43EB-87DD-309095989B48}.Debug|Any CPU.Build.0 = Debug|Any CPU
		{B07E8CAD-46EB-43EB-87DD-309095989B48}.Release|Any CPU.ActiveCfg = Release|Any CPU
		{B07E8CAD-46EB-43EB-87DD-309095989B48}.Release|Any CPU.Build.0 = Release|Any CPU
		{FF1C9F75-9ECE-404A-8B1F-C132324E1EA6}.Debug|Any CPU.ActiveCfg = Debug|Any CPU
		{FF1C9F75-9ECE-404A-8B1F-C132324E1EA6}.Debug|Any CPU.Build.0 = Debug|Any CPU
		{FF1C9F75-9ECE-404A-8B1F-C132324E1EA6}.Release|Any CPU.ActiveCfg = Release|Any CPU
		{FF1C9F75-9ECE-404A-8B1F-C132324E1EA6}.Release|Any CPU.Build.0 = Release|Any CPU
		{0EA0B176-2406-46CF-9515-9F2764DB53DE}.Debug|Any CPU.ActiveCfg = Debug|Any CPU
		{0EA0B176-2406-46CF-9515-9F2764DB53DE}.Debug|Any CPU.Build.0 = Debug|Any CPU
		{0EA0B176-2406-46CF-9515-9F2764DB53DE}.Release|Any CPU.ActiveCfg = Release|Any CPU
		{0EA0B176-2406-46CF-9515-9F2764DB53DE}.Release|Any CPU.Build.0 = Release|Any CPU
		{6142AA4C-CCBA-423C-99C9-D7362DED3984}.Debug|Any CPU.ActiveCfg = Debug|Any CPU
		{6142AA4C-CCBA-423C-99C9-D7362DED3984}.Debug|Any CPU.Build.0 = Debug|Any CPU
		{6142AA4C-CCBA-423C-99C9-D7362DED3984}.Release|Any CPU.ActiveCfg = Release|Any CPU
		{6142AA4C-CCBA-423C-99C9-D7362DED3984}.Release|Any CPU.Build.0 = Release|Any CPU
		{8D597E0B-940F-4894-818F-6EB822F41D23}.Debug|Any CPU.ActiveCfg = Debug|Any CPU
		{8D597E0B-940F-4894-818F-6EB822F41D23}.Debug|Any CPU.Build.0 = Debug|Any CPU
		{8D597E0B-940F-4894-818F-6EB822F41D23}.Release|Any CPU.ActiveCfg = Release|Any CPU
		{8D597E0B-940F-4894-818F-6EB822F41D23}.Release|Any CPU.Build.0 = Release|Any CPU
	EndGlobalSection
	GlobalSection(SolutionProperties) = preSolution
		HideSolutionNode = FALSE
	EndGlobalSection
	GlobalSection(NestedProjects) = preSolution
		{77AE5B68-0626-41F4-A877-078EF28AF651} = {EBDE559D-97AF-43DA-896A-8EDD7514F74F}
		{DFA8DC49-A159-4B35-81FD-B666313BE400} = {77AE5B68-0626-41F4-A877-078EF28AF651}
		{27D0691B-E7B0-4F0E-B402-F014D036370C} = {EBDE559D-97AF-43DA-896A-8EDD7514F74F}
		{09F498FA-373D-4652-82A6-F0C4B8841ACA} = {27D0691B-E7B0-4F0E-B402-F014D036370C}
		{A9D54D33-BDAA-46BD-B7BF-4B9B29556479} = {27D0691B-E7B0-4F0E-B402-F014D036370C}
		{72337F05-21D0-4C0C-A273-A7E1127384F5} = {EBDE559D-97AF-43DA-896A-8EDD7514F74F}
		{046A1B6F-76C4-4B21-9231-235E7C882EFA} = {72337F05-21D0-4C0C-A273-A7E1127384F5}
		{B506E1A7-7537-4BD7-A6F3-1D389BF1B15F} = {72337F05-21D0-4C0C-A273-A7E1127384F5}
		{12D5F3D1-AA2D-4696-925C-38DF4E850793} = {72337F05-21D0-4C0C-A273-A7E1127384F5}
		{6A6AF034-4AB8-4D1F-AC9B-9D3650A15F9F} = {EBDE559D-97AF-43DA-896A-8EDD7514F74F}
		{7EB88E1E-0BA8-4181-A427-C118E554A4CB} = {6A6AF034-4AB8-4D1F-AC9B-9D3650A15F9F}
		{83EE4626-F6F7-41E9-80DA-7ACF07E1683C} = {6A6AF034-4AB8-4D1F-AC9B-9D3650A15F9F}
		{91A8E06C-C1CB-41A3-89AC-786235A82F48} = {6A6AF034-4AB8-4D1F-AC9B-9D3650A15F9F}
		{86A384B7-C10B-470B-9A32-6181219B4F8D} = {6A6AF034-4AB8-4D1F-AC9B-9D3650A15F9F}
		{33913343-70DE-4A61-8C90-E570D4FE7364} = {EBDE559D-97AF-43DA-896A-8EDD7514F74F}
		{4E45EA50-D796-4397-9A17-C0BB6E6DC544} = {33913343-70DE-4A61-8C90-E570D4FE7364}
		{63F01BEC-CD1A-41E8-AF4C-D1FE7519893C} = {33913343-70DE-4A61-8C90-E570D4FE7364}
		{A5531651-6EC9-42EF-8090-1F85DFED9D5F} = {33913343-70DE-4A61-8C90-E570D4FE7364}
		{E60C53C1-A776-4266-BCEF-DF2355E6DF27} = {EBDE559D-97AF-43DA-896A-8EDD7514F74F}
		{2CC4BD1C-B7C5-43DB-B612-D59684E0E049} = {E60C53C1-A776-4266-BCEF-DF2355E6DF27}
		{35371C6E-3BDC-4F99-B15F-D55D3A91ABAB} = {E60C53C1-A776-4266-BCEF-DF2355E6DF27}
		{5800B237-9647-492A-8C12-E29FDA60231A} = {EBDE559D-97AF-43DA-896A-8EDD7514F74F}
		{CC29B2BD-9382-4155-803F-C2799B5BC0FE} = {5800B237-9647-492A-8C12-E29FDA60231A}
		{F1FF9FB4-FC9C-48F3-ACC1-F03D751349DD} = {5800B237-9647-492A-8C12-E29FDA60231A}
		{A0D34A6C-4D2D-4546-9B85-F9A594317EDC} = {5800B237-9647-492A-8C12-E29FDA60231A}
		{5C553F66-56BA-4094-B848-0F690FB8083D} = {EBDE559D-97AF-43DA-896A-8EDD7514F74F}
		{8519179A-7CA5-40E0-9BDC-61BCC692E3DD} = {5C553F66-56BA-4094-B848-0F690FB8083D}
		{2FBE4DCF-BB14-46AD-A2F0-C26F5BDD9686} = {5C553F66-56BA-4094-B848-0F690FB8083D}
		{5CBDE24A-6A28-43D2-9BD0-04CD5CC5425A} = {EBDE559D-97AF-43DA-896A-8EDD7514F74F}
		{CF3272D5-5E42-4ABB-AA1D-35E91970E5C4} = {5CBDE24A-6A28-43D2-9BD0-04CD5CC5425A}
		{8F0EF50A-3ECA-4B1D-84D5-A51DD42AD1AC} = {EBDE559D-97AF-43DA-896A-8EDD7514F74F}
		{0919AE8D-43D7-4AEF-B372-066B18C095E7} = {8F0EF50A-3ECA-4B1D-84D5-A51DD42AD1AC}
		{95BD6C4B-AC0C-49C1-BF54-85F674A3D984} = {8F0EF50A-3ECA-4B1D-84D5-A51DD42AD1AC}
		{6679504F-6358-4E71-96B6-E381527498BF} = {8F0EF50A-3ECA-4B1D-84D5-A51DD42AD1AC}
		{8D515F87-9019-4B22-8F3B-C6BF094F1209} = {EBDE559D-97AF-43DA-896A-8EDD7514F74F}
		{8E0F46FD-C731-40ED-9BCD-D5EF1FCF32F0} = {8D515F87-9019-4B22-8F3B-C6BF094F1209}
		{9EA72DA4-E83F-4801-AFDA-C549E8F134A5} = {8D515F87-9019-4B22-8F3B-C6BF094F1209}
		{05B26062-CA1F-4F8A-A91C-037ECEE822B9} = {8D515F87-9019-4B22-8F3B-C6BF094F1209}
		{A0482096-2871-4AEE-98B1-D5217C3F3928} = {8D515F87-9019-4B22-8F3B-C6BF094F1209}
		{A64491EA-C65D-4EBA-A62E-4EBE5B1808C4} = {EBDE559D-97AF-43DA-896A-8EDD7514F74F}
		{3BF76B83-FEC6-44D2-A16D-488C4D1B7A1D} = {A64491EA-C65D-4EBA-A62E-4EBE5B1808C4}
		{D19902B7-78C0-4212-B68D-109AE8ECFF68} = {A64491EA-C65D-4EBA-A62E-4EBE5B1808C4}
		{3F231EB5-3246-419B-A005-2E0363549E82} = {A64491EA-C65D-4EBA-A62E-4EBE5B1808C4}
		{EA1AE652-F7B9-4AB6-8D8A-525EA8C2DE3E} = {A64491EA-C65D-4EBA-A62E-4EBE5B1808C4}
		{16579458-9F49-4BFB-9EE1-672FBD1EDD3A} = {EBDE559D-97AF-43DA-896A-8EDD7514F74F}
		{1ECF730A-3FE6-4F82-9A53-6D1D84B59D5D} = {16579458-9F49-4BFB-9EE1-672FBD1EDD3A}
		{AB975C14-B1E7-4937-8702-236F21FEF1F3} = {EBDE559D-97AF-43DA-896A-8EDD7514F74F}
		{BB4D8012-3F07-4A43-89AB-6B3DF4F31193} = {AB975C14-B1E7-4937-8702-236F21FEF1F3}
		{E7E2C505-A42A-40D1-BAC6-76153F880496} = {EBDE559D-97AF-43DA-896A-8EDD7514F74F}
		{CCE88124-BAA9-43FD-B12D-9DA1D637AFCF} = {E7E2C505-A42A-40D1-BAC6-76153F880496}
		{6D3A227D-2765-4994-9A81-F8B2888DE8B7} = {AB975C14-B1E7-4937-8702-236F21FEF1F3}
		{F6BA177B-ECA2-48B9-B062-29E72AA37CCC} = {16579458-9F49-4BFB-9EE1-672FBD1EDD3A}
		{5860533B-0C68-4944-97F6-A5AB09625D8D} = {EBDE559D-97AF-43DA-896A-8EDD7514F74F}
		{AF9C27A7-BBCE-471A-945A-F3D15F088603} = {5860533B-0C68-4944-97F6-A5AB09625D8D}
		{38D4E3A3-3865-4836-9EA8-9BC19FFF2F06} = {E7E2C505-A42A-40D1-BAC6-76153F880496}
		{ED22AC6C-3C6D-4477-B83B-17027C6F6DBE} = {5860533B-0C68-4944-97F6-A5AB09625D8D}
		{9AA4876E-5FBE-421B-B5E6-B00ABE9D014E} = {5860533B-0C68-4944-97F6-A5AB09625D8D}
		{AE075CA7-1BA7-41BD-82A5-2531EFD76B5F} = {5860533B-0C68-4944-97F6-A5AB09625D8D}
		{0D9462C3-9141-4DDF-AFC3-7E2270036166} = {5800B237-9647-492A-8C12-E29FDA60231A}
		{3C7A5CB5-A4F7-4939-802C-3AA453FB4C51} = {EBDE559D-97AF-43DA-896A-8EDD7514F74F}
		{C0E2CC98-3DD3-4D31-A295-645264F4C68F} = {3C7A5CB5-A4F7-4939-802C-3AA453FB4C51}
		{430EDBDC-2015-4986-8E92-F00D942DAA38} = {3C7A5CB5-A4F7-4939-802C-3AA453FB4C51}
		{FFB80A02-8BB9-4071-AA0E-506280A21035} = {3C7A5CB5-A4F7-4939-802C-3AA453FB4C51}
		{ABCC7C51-B0EB-4698-BCF2-8970D90BD449} = {3C7A5CB5-A4F7-4939-802C-3AA453FB4C51}
		{18294A54-6C54-41FC-AAF0-F6CC2B424F21} = {EBDE559D-97AF-43DA-896A-8EDD7514F74F}
		{1BDE43BD-725A-4C61-A150-E3B4468E4CBC} = {18294A54-6C54-41FC-AAF0-F6CC2B424F21}
		{FD4DA127-0C6E-4D5D-9F2A-61E0C2AC1C51} = {18294A54-6C54-41FC-AAF0-F6CC2B424F21}
		{8B6E8DA5-417D-421F-9661-8A68C5AA95A9} = {18294A54-6C54-41FC-AAF0-F6CC2B424F21}
		{925DD319-AA00-4858-B716-815F7753DD20} = {EBDE559D-97AF-43DA-896A-8EDD7514F74F}
		{AB572158-CBEB-4146-845B-DF40D5F54FA5} = {925DD319-AA00-4858-B716-815F7753DD20}
		{E2C9B248-6FE6-4566-9417-588EAC1DE77C} = {EBDE559D-97AF-43DA-896A-8EDD7514F74F}
		{331F9D6C-CE92-4FC4-A06D-654FCFDAF8F2} = {E2C9B248-6FE6-4566-9417-588EAC1DE77C}
		{77FB6962-5BCE-430C-BA30-EC4B6517AFA4} = {E2C9B248-6FE6-4566-9417-588EAC1DE77C}
		{0C6B46B9-A0B6-4174-9156-48DF7C00A0A8} = {E2C9B248-6FE6-4566-9417-588EAC1DE77C}
		{74AC892E-EAAE-4E0D-8EC0-90B6F539BD7C} = {E2C9B248-6FE6-4566-9417-588EAC1DE77C}
		{E7E50ADD-13E6-4FBB-A383-A816B01D4B5B} = {E2C9B248-6FE6-4566-9417-588EAC1DE77C}
		{FE5CD6BA-9DDE-491A-A7C5-A13CA02D27C1} = {E2C9B248-6FE6-4566-9417-588EAC1DE77C}
		{CD291E57-79A2-4FFF-A699-4F749A44A788} = {EBDE559D-97AF-43DA-896A-8EDD7514F74F}
		{5B41F9D4-186B-4A30-8618-6E6B627DDA88} = {CD291E57-79A2-4FFF-A699-4F749A44A788}
		{62BAC3E8-EB82-4EFD-A6DD-B0E8A534BE8A} = {EBDE559D-97AF-43DA-896A-8EDD7514F74F}
		{0189F6CD-3140-4305-89CE-08ACB534B0EE} = {62BAC3E8-EB82-4EFD-A6DD-B0E8A534BE8A}
		{E9F62862-5044-4385-A95F-BFE4A6F29B95} = {62BAC3E8-EB82-4EFD-A6DD-B0E8A534BE8A}
		{6A62E14F-D6B0-4517-AB66-3DBB28CF8FD7} = {EBDE559D-97AF-43DA-896A-8EDD7514F74F}
		{BD27E331-6016-4377-966E-84694E245CC3} = {6A62E14F-D6B0-4517-AB66-3DBB28CF8FD7}
		{A02C0214-E54E-4259-93FF-B40E00733AD5} = {6A62E14F-D6B0-4517-AB66-3DBB28CF8FD7}
		{D47E47D4-0358-42A6-9D23-2D37A261F27D} = {62BAC3E8-EB82-4EFD-A6DD-B0E8A534BE8A}
		{F8DA0E84-0930-4532-A752-5D6BA87C3B12} = {62BAC3E8-EB82-4EFD-A6DD-B0E8A534BE8A}
		{93B6F946-4ED4-4FBB-B520-24B5E6C95D80} = {6A62E14F-D6B0-4517-AB66-3DBB28CF8FD7}
		{7EF7B708-71FD-4F79-8968-B000475219D3} = {6A62E14F-D6B0-4517-AB66-3DBB28CF8FD7}
		{E749915A-0D3D-48CB-9C41-1FC032DB9C02} = {6A62E14F-D6B0-4517-AB66-3DBB28CF8FD7}
		{6174C9AB-9116-4ED6-ABD0-2C69976058D2} = {EBDE559D-97AF-43DA-896A-8EDD7514F74F}
		{A8DB993B-57CC-4E5B-8A9F-873C90A4AD11} = {6174C9AB-9116-4ED6-ABD0-2C69976058D2}
		{D9910F02-A2A5-4C35-A418-221B89E8D94D} = {6174C9AB-9116-4ED6-ABD0-2C69976058D2}
		{FA01CCF3-5668-4973-A27B-B143ED397A44} = {05E78A8D-4A2C-462E-80B7-804F46DF9105}
		{88D453D9-D2CE-4FB7-8E43-74AB48C417D8} = {EBDE559D-97AF-43DA-896A-8EDD7514F74F}
		{55C0CE36-7F78-4673-BA5B-1B270D92190C} = {88D453D9-D2CE-4FB7-8E43-74AB48C417D8}
		{7804D1B9-0DC7-4167-9C47-77EB114D8FF2} = {88D453D9-D2CE-4FB7-8E43-74AB48C417D8}
		{2ED0A1F4-00BC-4679-A2C7-46A534D308A2} = {88D453D9-D2CE-4FB7-8E43-74AB48C417D8}
		{A1DAE17A-A52E-4FAA-B6B4-2BE41D14D2E4} = {88D453D9-D2CE-4FB7-8E43-74AB48C417D8}
		{4AFC47E1-1110-4E34-B659-990DA1879744} = {EBDE559D-97AF-43DA-896A-8EDD7514F74F}
		{B07E8CAD-46EB-43EB-87DD-309095989B48} = {4AFC47E1-1110-4E34-B659-990DA1879744}
		{FF1C9F75-9ECE-404A-8B1F-C132324E1EA6} = {4AFC47E1-1110-4E34-B659-990DA1879744}
		{02EA681E-C7D8-13C7-8484-4AC65E1B71E8} = {05E78A8D-4A2C-462E-80B7-804F46DF9105}
		{03EA681E-C7D8-13C7-8484-4AC65E1B71E9} = {05E78A8D-4A2C-462E-80B7-804F46DF9105}
		{04EA681E-C7D8-13C7-8484-4AC65E1B71EA} = {05E78A8D-4A2C-462E-80B7-804F46DF9105}
		{DF70F78F-58AB-4523-B2F1-C95A7CDD2957} = {05E78A8D-4A2C-462E-80B7-804F46DF9105}
		{DF70F78F-58AB-4523-B2F1-C95A7CDD2958} = {05E78A8D-4A2C-462E-80B7-804F46DF9105}
		{DF70F78F-58AB-4523-B2F1-C95A7CDD2959} = {05E78A8D-4A2C-462E-80B7-804F46DF9105}
		{DF70F78F-58AB-4523-B2F1-C95A7CDD2960} = {05E78A8D-4A2C-462E-80B7-804F46DF9105}
		{DF70F78F-58AB-4523-B2F1-C95A7CDD2961} = {05E78A8D-4A2C-462E-80B7-804F46DF9105}
		{A0F89646-917E-4B2E-9858-23677627BB3C} = {5151B6AA-8286-48B6-8138-AD436A6E04AB}
		{0EA0B176-2406-46CF-9515-9F2764DB53DE} = {A0F89646-917E-4B2E-9858-23677627BB3C}
		{6142AA4C-CCBA-423C-99C9-D7362DED3984} = {A0F89646-917E-4B2E-9858-23677627BB3C}
		{8D597E0B-940F-4894-818F-6EB822F41D23} = {A0F89646-917E-4B2E-9858-23677627BB3C}
	EndGlobalSection
	GlobalSection(ExtensibilityGlobals) = postSolution
		SolutionGuid = {FEA2487A-AB74-4D13-B4F3-133B1E0660E1}
	EndGlobalSection
EndGlobal
