
Microsoft Visual Studio Solution File, Format Version 12.00
# Visual Studio Version 17
VisualStudioVersion = 17.0.31903.59
MinimumVisualStudioVersion = 10.0.40219.1
Project("{2150E333-8FDC-42A3-9474-1A3956D46DE8}") = "ConsoleApps", "ConsoleApps", "{EBDE559D-97AF-43DA-896A-8EDD7514F74F}"
EndProject
Project("{2150E333-8FDC-42A3-9474-1A3956D46DE8}") = "Week05", "Week05", "{77AE5B68-0626-41F4-A877-078EF28AF651}"
EndProject
Project("{9A19103F-16F7-4668-BE54-9A1E7A4F7556}") = "DataTypes.ValueTypes", "ConsoleApps\Week05\DataTypes.ValueTypes\DataTypes.ValueTypes.csproj", "{DFA8DC49-A159-4B35-81FD-B666313BE400}"
EndProject
Project("{2150E333-8FDC-42A3-9474-1A3956D46DE8}") = "Solution Items", "Solution Items", "{56BFCEA8-EB15-4647-BB4F-7660AEF2766A}"
	ProjectSection(SolutionItems) = preProject
		array.md = array.md
		module4functionsmethods.md = module4functionsmethods.md
		month01.md = month01.md
		README.md = README.md
		syllabus.csharp.txt = syllabus.csharp.txt
		syllabus.md = syllabus.md
	EndProjectSection
EndProject
Project("{2150E333-8FDC-42A3-9474-1A3956D46DE8}") = "Week06", "Week06", "{27D0691B-E7B0-4F0E-B402-F014D036370C}"
EndProject
Project("{9A19103F-16F7-4668-BE54-9A1E7A4F7556}") = "DataTypes.TypeCasting", "ConsoleApps\Week06\DataTypes.TypeCasting\DataTypes.TypeCasting.csproj", "{09F498FA-373D-4652-82A6-F0C4B8841ACA}"
EndProject
Project("{9A19103F-16F7-4668-BE54-9A1E7A4F7556}") = "UserInput", "ConsoleApps\Week06\UserInput\UserInput.csproj", "{A9D54D33-BDAA-46BD-B7BF-4B9B29556479}"
EndProject
Project("{2150E333-8FDC-42A3-9474-1A3956D46DE8}") = "Week07", "Week07", "{72337F05-21D0-4C0C-A273-A7E1127384F5}"
EndProject
Project("{9A19103F-16F7-4668-BE54-9A1E7A4F7556}") = "TypeConversion", "ConsoleApps\Week07\TypeConversion\TypeConversion.csproj", "{046A1B6F-76C4-4B21-9231-235E7C882EFA}"
EndProject
Project("{9A19103F-16F7-4668-BE54-9A1E7A4F7556}") = "Operators.Math", "ConsoleApps\Week07\Operators.Math\Operators.Math.csproj", "{B506E1A7-7537-4BD7-A6F3-1D389BF1B15F}"
EndProject
Project("{9A19103F-16F7-4668-BE54-9A1E7A4F7556}") = "Practice", "ConsoleApps\Week07\Practice\Practice.csproj", "{12D5F3D1-AA2D-4696-925C-38DF4E850793}"
EndProject
Project("{2150E333-8FDC-42A3-9474-1A3956D46DE8}") = "Week08", "Week08", "{6A6AF034-4AB8-4D1F-AC9B-9D3650A15F9F}"
EndProject
Project("{9A19103F-16F7-4668-BE54-9A1E7A4F7556}") = "Strings", "ConsoleApps\Week08\Strings\Strings.csproj", "{7EB88E1E-0BA8-4181-A427-C118E554A4CB}"
EndProject
Project("{9A19103F-16F7-4668-BE54-9A1E7A4F7556}") = "Condition.IfStatement", "ConsoleApps\Week08\Condition.IfStatement\Condition.IfStatement.csproj", "{83EE4626-F6F7-41E9-80DA-7ACF07E1683C}"
EndProject
Project("{9A19103F-16F7-4668-BE54-9A1E7A4F7556}") = "Condition.SwitchCaseStatement", "ConsoleApps\Week08\Condition.SwitchCaseStatement\Condition.SwitchCaseStatement.csproj", "{91A8E06C-C1CB-41A3-89AC-786235A82F48}"
EndProject
Project("{9A19103F-16F7-4668-BE54-9A1E7A4F7556}") = "Practice", "ConsoleApps\Week08\Practice\Practice.csproj", "{86A384B7-C10B-470B-9A32-6181219B4F8D}"
EndProject
Project("{2150E333-8FDC-42A3-9474-1A3956D46DE8}") = "Week10", "Week10", "{33913343-70DE-4A61-8C90-E570D4FE7364}"
EndProject
Project("{9A19103F-16F7-4668-BE54-9A1E7A4F7556}") = "Loop.For", "ConsoleApps\Week10\Loop.For\Loop.For.csproj", "{4E45EA50-D796-4397-9A17-C0BB6E6DC544}"
EndProject
Project("{9A19103F-16F7-4668-BE54-9A1E7A4F7556}") = "Loop.While", "ConsoleApps\Week10\Loop.While\Loop.While.csproj", "{63F01BEC-CD1A-41E8-AF4C-D1FE7519893C}"
EndProject
Project("{9A19103F-16F7-4668-BE54-9A1E7A4F7556}") = "Practice", "ConsoleApps\Week10\Practice\Practice.csproj", "{A5531651-6EC9-42EF-8090-1F85DFED9D5F}"
EndProject
Project("{2150E333-8FDC-42A3-9474-1A3956D46DE8}") = "Week11", "Week11", "{E60C53C1-A776-4266-BCEF-DF2355E6DF27}"
EndProject
Project("{9A19103F-16F7-4668-BE54-9A1E7A4F7556}") = "ATM", "ConsoleApps\Week11\ATM\ATM.csproj", "{2CC4BD1C-B7C5-43DB-B612-D59684E0E049}"
EndProject
Project("{9A19103F-16F7-4668-BE54-9A1E7A4F7556}") = "QuizGame", "ConsoleApps\Week11\QuizGame\QuizGame.csproj", "{35371C6E-3BDC-4F99-B15F-D55D3A91ABAB}"
EndProject
Project("{2150E333-8FDC-42A3-9474-1A3956D46DE8}") = "Week12", "Week12", "{5800B237-9647-492A-8C12-E29FDA60231A}"
EndProject
Project("{9A19103F-16F7-4668-BE54-9A1E7A4F7556}") = "Arrays", "ConsoleApps\Week12\Arrays\Arrays.csproj", "{CC29B2BD-9382-4155-803F-C2799B5BC0FE}"
EndProject
Project("{9A19103F-16F7-4668-BE54-9A1E7A4F7556}") = "Methods", "ConsoleApps\Week12\Methods\Methods.csproj", "{F1FF9FB4-FC9C-48F3-ACC1-F03D751349DD}"
EndProject
Project("{9A19103F-16F7-4668-BE54-9A1E7A4F7556}") = "Practice", "ConsoleApps\Week12\Practice\Practice.csproj", "{A0D34A6C-4D2D-4546-9B85-F9A594317EDC}"
EndProject
Project("{2150E333-8FDC-42A3-9474-1A3956D46DE8}") = "Week13", "Week13", "{5C553F66-56BA-4094-B848-0F690FB8083D}"
EndProject
Project("{9A19103F-16F7-4668-BE54-9A1E7A4F7556}") = "Practice", "ConsoleApps\Week13\Practice\Practice.csproj", "{8519179A-7CA5-40E0-9BDC-61BCC692E3DD}"
EndProject
Project("{9A19103F-16F7-4668-BE54-9A1E7A4F7556}") = "WhatIsOOP", "ConsoleApps\Week13\WhatIsOOP\WhatIsOOP.csproj", "{2FBE4DCF-BB14-46AD-A2F0-C26F5BDD9686}"
EndProject
Project("{2150E333-8FDC-42A3-9474-1A3956D46DE8}") = "Week14", "Week14", "{5CBDE24A-6A28-43D2-9BD0-04CD5CC5425A}"
EndProject
Project("{FAE04EC0-301F-11D3-BF4B-00C04F79EFBC}") = "OOP.ClassAndObject", "ConsoleApps\Week14\OOP.ClassAndObject\OOP.ClassAndObject.csproj", "{CF3272D5-5E42-4ABB-AA1D-35E91970E5C4}"
EndProject
Global
	GlobalSection(SolutionConfigurationPlatforms) = preSolution
		Debug|Any CPU = Debug|Any CPU
		Release|Any CPU = Release|Any CPU
	EndGlobalSection
	GlobalSection(ProjectConfigurationPlatforms) = postSolution
		{DFA8DC49-A159-4B35-81FD-B666313BE400}.Debug|Any CPU.ActiveCfg = Debug|Any CPU
		{DFA8DC49-A159-4B35-81FD-B666313BE400}.Debug|Any CPU.Build.0 = Debug|Any CPU
		{DFA8DC49-A159-4B35-81FD-B666313BE400}.Release|Any CPU.ActiveCfg = Release|Any CPU
		{DFA8DC49-A159-4B35-81FD-B666313BE400}.Release|Any CPU.Build.0 = Release|Any CPU
		{09F498FA-373D-4652-82A6-F0C4B8841ACA}.Debug|Any CPU.ActiveCfg = Debug|Any CPU
		{09F498FA-373D-4652-82A6-F0C4B8841ACA}.Debug|Any CPU.Build.0 = Debug|Any CPU
		{09F498FA-373D-4652-82A6-F0C4B8841ACA}.Release|Any CPU.ActiveCfg = Release|Any CPU
		{09F498FA-373D-4652-82A6-F0C4B8841ACA}.Release|Any CPU.Build.0 = Release|Any CPU
		{A9D54D33-BDAA-46BD-B7BF-4B9B29556479}.Debug|Any CPU.ActiveCfg = Debug|Any CPU
		{A9D54D33-BDAA-46BD-B7BF-4B9B29556479}.Debug|Any CPU.Build.0 = Debug|Any CPU
		{A9D54D33-BDAA-46BD-B7BF-4B9B29556479}.Release|Any CPU.ActiveCfg = Release|Any CPU
		{A9D54D33-BDAA-46BD-B7BF-4B9B29556479}.Release|Any CPU.Build.0 = Release|Any CPU
		{046A1B6F-76C4-4B21-9231-235E7C882EFA}.Debug|Any CPU.ActiveCfg = Debug|Any CPU
		{046A1B6F-76C4-4B21-9231-235E7C882EFA}.Debug|Any CPU.Build.0 = Debug|Any CPU
		{046A1B6F-76C4-4B21-9231-235E7C882EFA}.Release|Any CPU.ActiveCfg = Release|Any CPU
		{046A1B6F-76C4-4B21-9231-235E7C882EFA}.Release|Any CPU.Build.0 = Release|Any CPU
		{B506E1A7-7537-4BD7-A6F3-1D389BF1B15F}.Debug|Any CPU.ActiveCfg = Debug|Any CPU
		{B506E1A7-7537-4BD7-A6F3-1D389BF1B15F}.Debug|Any CPU.Build.0 = Debug|Any CPU
		{B506E1A7-7537-4BD7-A6F3-1D389BF1B15F}.Release|Any CPU.ActiveCfg = Release|Any CPU
		{B506E1A7-7537-4BD7-A6F3-1D389BF1B15F}.Release|Any CPU.Build.0 = Release|Any CPU
		{12D5F3D1-AA2D-4696-925C-38DF4E850793}.Debug|Any CPU.ActiveCfg = Debug|Any CPU
		{12D5F3D1-AA2D-4696-925C-38DF4E850793}.Debug|Any CPU.Build.0 = Debug|Any CPU
		{12D5F3D1-AA2D-4696-925C-38DF4E850793}.Release|Any CPU.ActiveCfg = Release|Any CPU
		{12D5F3D1-AA2D-4696-925C-38DF4E850793}.Release|Any CPU.Build.0 = Release|Any CPU
		{7EB88E1E-0BA8-4181-A427-C118E554A4CB}.Debug|Any CPU.ActiveCfg = Debug|Any CPU
		{7EB88E1E-0BA8-4181-A427-C118E554A4CB}.Debug|Any CPU.Build.0 = Debug|Any CPU
		{7EB88E1E-0BA8-4181-A427-C118E554A4CB}.Release|Any CPU.ActiveCfg = Release|Any CPU
		{7EB88E1E-0BA8-4181-A427-C118E554A4CB}.Release|Any CPU.Build.0 = Release|Any CPU
		{83EE4626-F6F7-41E9-80DA-7ACF07E1683C}.Debug|Any CPU.ActiveCfg = Debug|Any CPU
		{83EE4626-F6F7-41E9-80DA-7ACF07E1683C}.Debug|Any CPU.Build.0 = Debug|Any CPU
		{83EE4626-F6F7-41E9-80DA-7ACF07E1683C}.Release|Any CPU.ActiveCfg = Release|Any CPU
		{83EE4626-F6F7-41E9-80DA-7ACF07E1683C}.Release|Any CPU.Build.0 = Release|Any CPU
		{91A8E06C-C1CB-41A3-89AC-786235A82F48}.Debug|Any CPU.ActiveCfg = Debug|Any CPU
		{91A8E06C-C1CB-41A3-89AC-786235A82F48}.Debug|Any CPU.Build.0 = Debug|Any CPU
		{91A8E06C-C1CB-41A3-89AC-786235A82F48}.Release|Any CPU.ActiveCfg = Release|Any CPU
		{91A8E06C-C1CB-41A3-89AC-786235A82F48}.Release|Any CPU.Build.0 = Release|Any CPU
		{86A384B7-C10B-470B-9A32-6181219B4F8D}.Debug|Any CPU.ActiveCfg = Debug|Any CPU
		{86A384B7-C10B-470B-9A32-6181219B4F8D}.Debug|Any CPU.Build.0 = Debug|Any CPU
		{86A384B7-C10B-470B-9A32-6181219B4F8D}.Release|Any CPU.ActiveCfg = Release|Any CPU
		{86A384B7-C10B-470B-9A32-6181219B4F8D}.Release|Any CPU.Build.0 = Release|Any CPU
		{4E45EA50-D796-4397-9A17-C0BB6E6DC544}.Debug|Any CPU.ActiveCfg = Debug|Any CPU
		{4E45EA50-D796-4397-9A17-C0BB6E6DC544}.Debug|Any CPU.Build.0 = Debug|Any CPU
		{4E45EA50-D796-4397-9A17-C0BB6E6DC544}.Release|Any CPU.ActiveCfg = Release|Any CPU
		{4E45EA50-D796-4397-9A17-C0BB6E6DC544}.Release|Any CPU.Build.0 = Release|Any CPU
		{63F01BEC-CD1A-41E8-AF4C-D1FE7519893C}.Debug|Any CPU.ActiveCfg = Debug|Any CPU
		{63F01BEC-CD1A-41E8-AF4C-D1FE7519893C}.Debug|Any CPU.Build.0 = Debug|Any CPU
		{63F01BEC-CD1A-41E8-AF4C-D1FE7519893C}.Release|Any CPU.ActiveCfg = Release|Any CPU
		{63F01BEC-CD1A-41E8-AF4C-D1FE7519893C}.Release|Any CPU.Build.0 = Release|Any CPU
		{A5531651-6EC9-42EF-8090-1F85DFED9D5F}.Debug|Any CPU.ActiveCfg = Debug|Any CPU
		{A5531651-6EC9-42EF-8090-1F85DFED9D5F}.Debug|Any CPU.Build.0 = Debug|Any CPU
		{A5531651-6EC9-42EF-8090-1F85DFED9D5F}.Release|Any CPU.ActiveCfg = Release|Any CPU
		{A5531651-6EC9-42EF-8090-1F85DFED9D5F}.Release|Any CPU.Build.0 = Release|Any CPU
		{2CC4BD1C-B7C5-43DB-B612-D59684E0E049}.Debug|Any CPU.ActiveCfg = Debug|Any CPU
		{2CC4BD1C-B7C5-43DB-B612-D59684E0E049}.Debug|Any CPU.Build.0 = Debug|Any CPU
		{2CC4BD1C-B7C5-43DB-B612-D59684E0E049}.Release|Any CPU.ActiveCfg = Release|Any CPU
		{2CC4BD1C-B7C5-43DB-B612-D59684E0E049}.Release|Any CPU.Build.0 = Release|Any CPU
		{35371C6E-3BDC-4F99-B15F-D55D3A91ABAB}.Debug|Any CPU.ActiveCfg = Debug|Any CPU
		{35371C6E-3BDC-4F99-B15F-D55D3A91ABAB}.Debug|Any CPU.Build.0 = Debug|Any CPU
		{35371C6E-3BDC-4F99-B15F-D55D3A91ABAB}.Release|Any CPU.ActiveCfg = Release|Any CPU
		{35371C6E-3BDC-4F99-B15F-D55D3A91ABAB}.Release|Any CPU.Build.0 = Release|Any CPU
		{CC29B2BD-9382-4155-803F-C2799B5BC0FE}.Debug|Any CPU.ActiveCfg = Debug|Any CPU
		{CC29B2BD-9382-4155-803F-C2799B5BC0FE}.Debug|Any CPU.Build.0 = Debug|Any CPU
		{CC29B2BD-9382-4155-803F-C2799B5BC0FE}.Release|Any CPU.ActiveCfg = Release|Any CPU
		{CC29B2BD-9382-4155-803F-C2799B5BC0FE}.Release|Any CPU.Build.0 = Release|Any CPU
		{F1FF9FB4-FC9C-48F3-ACC1-F03D751349DD}.Debug|Any CPU.ActiveCfg = Debug|Any CPU
		{F1FF9FB4-FC9C-48F3-ACC1-F03D751349DD}.Debug|Any CPU.Build.0 = Debug|Any CPU
		{F1FF9FB4-FC9C-48F3-ACC1-F03D751349DD}.Release|Any CPU.ActiveCfg = Release|Any CPU
		{F1FF9FB4-FC9C-48F3-ACC1-F03D751349DD}.Release|Any CPU.Build.0 = Release|Any CPU
		{A0D34A6C-4D2D-4546-9B85-F9A594317EDC}.Debug|Any CPU.ActiveCfg = Debug|Any CPU
		{A0D34A6C-4D2D-4546-9B85-F9A594317EDC}.Debug|Any CPU.Build.0 = Debug|Any CPU
		{A0D34A6C-4D2D-4546-9B85-F9A594317EDC}.Release|Any CPU.ActiveCfg = Release|Any CPU
		{A0D34A6C-4D2D-4546-9B85-F9A594317EDC}.Release|Any CPU.Build.0 = Release|Any CPU
		{8519179A-7CA5-40E0-9BDC-61BCC692E3DD}.Debug|Any CPU.ActiveCfg = Debug|Any CPU
		{8519179A-7CA5-40E0-9BDC-61BCC692E3DD}.Debug|Any CPU.Build.0 = Debug|Any CPU
		{8519179A-7CA5-40E0-9BDC-61BCC692E3DD}.Release|Any CPU.ActiveCfg = Release|Any CPU
		{8519179A-7CA5-40E0-9BDC-61BCC692E3DD}.Release|Any CPU.Build.0 = Release|Any CPU
		{2FBE4DCF-BB14-46AD-A2F0-C26F5BDD9686}.Debug|Any CPU.ActiveCfg = Debug|Any CPU
		{2FBE4DCF-BB14-46AD-A2F0-C26F5BDD9686}.Debug|Any CPU.Build.0 = Debug|Any CPU
		{2FBE4DCF-BB14-46AD-A2F0-C26F5BDD9686}.Release|Any CPU.ActiveCfg = Release|Any CPU
		{2FBE4DCF-BB14-46AD-A2F0-C26F5BDD9686}.Release|Any CPU.Build.0 = Release|Any CPU
		{CF3272D5-5E42-4ABB-AA1D-35E91970E5C4}.Debug|Any CPU.ActiveCfg = Debug|Any CPU
		{CF3272D5-5E42-4ABB-AA1D-35E91970E5C4}.Debug|Any CPU.Build.0 = Debug|Any CPU
		{CF3272D5-5E42-4ABB-AA1D-35E91970E5C4}.Release|Any CPU.ActiveCfg = Release|Any CPU
		{CF3272D5-5E42-4ABB-AA1D-35E91970E5C4}.Release|Any CPU.Build.0 = Release|Any CPU
	EndGlobalSection
	GlobalSection(SolutionProperties) = preSolution
		HideSolutionNode = FALSE
	EndGlobalSection
	GlobalSection(NestedProjects) = preSolution
		{77AE5B68-0626-41F4-A877-078EF28AF651} = {EBDE559D-97AF-43DA-896A-8EDD7514F74F}
		{DFA8DC49-A159-4B35-81FD-B666313BE400} = {77AE5B68-0626-41F4-A877-078EF28AF651}
		{27D0691B-E7B0-4F0E-B402-F014D036370C} = {EBDE559D-97AF-43DA-896A-8EDD7514F74F}
		{09F498FA-373D-4652-82A6-F0C4B8841ACA} = {27D0691B-E7B0-4F0E-B402-F014D036370C}
		{A9D54D33-BDAA-46BD-B7BF-4B9B29556479} = {27D0691B-E7B0-4F0E-B402-F014D036370C}
		{72337F05-21D0-4C0C-A273-A7E1127384F5} = {EBDE559D-97AF-43DA-896A-8EDD7514F74F}
		{046A1B6F-76C4-4B21-9231-235E7C882EFA} = {72337F05-21D0-4C0C-A273-A7E1127384F5}
		{B506E1A7-7537-4BD7-A6F3-1D389BF1B15F} = {72337F05-21D0-4C0C-A273-A7E1127384F5}
		{12D5F3D1-AA2D-4696-925C-38DF4E850793} = {72337F05-21D0-4C0C-A273-A7E1127384F5}
		{6A6AF034-4AB8-4D1F-AC9B-9D3650A15F9F} = {EBDE559D-97AF-43DA-896A-8EDD7514F74F}
		{7EB88E1E-0BA8-4181-A427-C118E554A4CB} = {6A6AF034-4AB8-4D1F-AC9B-9D3650A15F9F}
		{83EE4626-F6F7-41E9-80DA-7ACF07E1683C} = {6A6AF034-4AB8-4D1F-AC9B-9D3650A15F9F}
		{91A8E06C-C1CB-41A3-89AC-786235A82F48} = {6A6AF034-4AB8-4D1F-AC9B-9D3650A15F9F}
		{86A384B7-C10B-470B-9A32-6181219B4F8D} = {6A6AF034-4AB8-4D1F-AC9B-9D3650A15F9F}
		{33913343-70DE-4A61-8C90-E570D4FE7364} = {EBDE559D-97AF-43DA-896A-8EDD7514F74F}
		{4E45EA50-D796-4397-9A17-C0BB6E6DC544} = {33913343-70DE-4A61-8C90-E570D4FE7364}
		{63F01BEC-CD1A-41E8-AF4C-D1FE7519893C} = {33913343-70DE-4A61-8C90-E570D4FE7364}
		{A5531651-6EC9-42EF-8090-1F85DFED9D5F} = {33913343-70DE-4A61-8C90-E570D4FE7364}
		{E60C53C1-A776-4266-BCEF-DF2355E6DF27} = {EBDE559D-97AF-43DA-896A-8EDD7514F74F}
		{2CC4BD1C-B7C5-43DB-B612-D59684E0E049} = {E60C53C1-A776-4266-BCEF-DF2355E6DF27}
		{35371C6E-3BDC-4F99-B15F-D55D3A91ABAB} = {E60C53C1-A776-4266-BCEF-DF2355E6DF27}
		{5800B237-9647-492A-8C12-E29FDA60231A} = {EBDE559D-97AF-43DA-896A-8EDD7514F74F}
		{CC29B2BD-9382-4155-803F-C2799B5BC0FE} = {5800B237-9647-492A-8C12-E29FDA60231A}
		{F1FF9FB4-FC9C-48F3-ACC1-F03D751349DD} = {5800B237-9647-492A-8C12-E29FDA60231A}
		{A0D34A6C-4D2D-4546-9B85-F9A594317EDC} = {5800B237-9647-492A-8C12-E29FDA60231A}
		{5C553F66-56BA-4094-B848-0F690FB8083D} = {EBDE559D-97AF-43DA-896A-8EDD7514F74F}
		{8519179A-7CA5-40E0-9BDC-61BCC692E3DD} = {5C553F66-56BA-4094-B848-0F690FB8083D}
		{2FBE4DCF-BB14-46AD-A2F0-C26F5BDD9686} = {5C553F66-56BA-4094-B848-0F690FB8083D}
		{5CBDE24A-6A28-43D2-9BD0-04CD5CC5425A} = {EBDE559D-97AF-43DA-896A-8EDD7514F74F}
		{CF3272D5-5E42-4ABB-AA1D-35E91970E5C4} = {5CBDE24A-6A28-43D2-9BD0-04CD5CC5425A}
	EndGlobalSection
	GlobalSection(ExtensibilityGlobals) = postSolution
		SolutionGuid = {FEA2487A-AB74-4D13-B4F3-133B1E0660E1}
	EndGlobalSection
EndGlobal
